
Microsoft Visual Studio Solution File, Format Version 12.00
# Visual Studio 14
VisualStudioVersion = 14.0.25420.1
MinimumVisualStudioVersion = 10.0.40219.1
Project("{8BC9CEB8-8B4A-11D0-8D11-00A0C91BC942}") = "Jet", "src\jet\Jet.vcxproj", "{4FE477D7-F336-4903-B956-CF67928DFCEE}"
	ProjectSection(ProjectDependencies) = postProject
		{2DB3FEE3-C5A0-4AEC-ACDF-A8EA0D27E6B8} = {2DB3FEE3-C5A0-4AEC-ACDF-A8EA0D27E6B8}
	EndProjectSection
EndProject
Project("{2150E333-8FDC-42A3-9474-1A3956D46DE8}") = "Tests", "Tests", "{176F6AF2-5105-42B9-B27B-62B1EE20A294}"
EndProject
Project("{8BC9CEB8-8B4A-11D0-8D11-00A0C91BC942}") = "gtest", "external\src\gtest\gtest.vcxproj", "{A113B1A8-29B4-4C05-A2EE-C4825F65C729}"
EndProject
Project("{2150E333-8FDC-42A3-9474-1A3956D46DE8}") = "External", "External", "{6176674F-BB5D-40F0-9AD6-38AF51BDA6EB}"
EndProject
Project("{8BC9CEB8-8B4A-11D0-8D11-00A0C91BC942}") = "UnitTests", "src\tests\unit_tests\UnitTests.vcxproj", "{DF6018A6-EC7E-4D2E-856A-DAAB0B336946}"
	ProjectSection(ProjectDependencies) = postProject
		{A113B1A8-29B4-4C05-A2EE-C4825F65C729} = {A113B1A8-29B4-4C05-A2EE-C4825F65C729}
		{4FE477D7-F336-4903-B956-CF67928DFCEE} = {4FE477D7-F336-4903-B956-CF67928DFCEE}
	EndProjectSection
EndProject
Project("{8BC9CEB8-8B4A-11D0-8D11-00A0C91BC942}") = "cnpy", "external\src\cnpy\cnpy.vcxproj", "{2FB522FB-8504-4522-89CB-8D7F8969E4F4}"
EndProject
Project("{2150E333-8FDC-42A3-9474-1A3956D46DE8}") = "Examples", "Examples", "{A566C0CA-9ACB-4847-9A0E-635D534AEBD7}"
EndProject
Project("{8BC9CEB8-8B4A-11D0-8D11-00A0C91BC942}") = "HelloFluidSim", "src\examples\hello_fluid_sim\HelloFluidSim.vcxproj", "{1EEA39D9-8F6F-4E83-8AAB-8B24432633F6}"
EndProject
Project("{8BC9CEB8-8B4A-11D0-8D11-00A0C91BC942}") = "obj", "external\src\obj\obj.vcxproj", "{2DB3FEE3-C5A0-4AEC-ACDF-A8EA0D27E6B8}"
EndProject
Project("{8BC9CEB8-8B4A-11D0-8D11-00A0C91BC942}") = "pystring", "external\src\pystring\pystring.vcxproj", "{A581EA54-58DB-4AF7-972A-202927F26BD0}"
EndProject
Project("{8BC9CEB8-8B4A-11D0-8D11-00A0C91BC942}") = "ManualTests", "src\tests\manual_tests\ManualTests.vcxproj", "{3215E509-376C-48DF-B86F-835B97C07AE2}"
	ProjectSection(ProjectDependencies) = postProject
		{A581EA54-58DB-4AF7-972A-202927F26BD0} = {A581EA54-58DB-4AF7-972A-202927F26BD0}
		{A113B1A8-29B4-4C05-A2EE-C4825F65C729} = {A113B1A8-29B4-4C05-A2EE-C4825F65C729}
		{4FE477D7-F336-4903-B956-CF67928DFCEE} = {4FE477D7-F336-4903-B956-CF67928DFCEE}
		{2DB3FEE3-C5A0-4AEC-ACDF-A8EA0D27E6B8} = {2DB3FEE3-C5A0-4AEC-ACDF-A8EA0D27E6B8}
		{2FB522FB-8504-4522-89CB-8D7F8969E4F4} = {2FB522FB-8504-4522-89CB-8D7F8969E4F4}
	EndProjectSection
EndProject
Project("{8BC9CEB8-8B4A-11D0-8D11-00A0C91BC942}") = "PerfTests", "src\tests\perf_tests\PerfTests.vcxproj", "{6EDE0A05-7610-4D5C-BE3B-048DD39CF8DB}"
	ProjectSection(ProjectDependencies) = postProject
		{A113B1A8-29B4-4C05-A2EE-C4825F65C729} = {A113B1A8-29B4-4C05-A2EE-C4825F65C729}
		{4FE477D7-F336-4903-B956-CF67928DFCEE} = {4FE477D7-F336-4903-B956-CF67928DFCEE}
	EndProjectSection
EndProject
Project("{8BC9CEB8-8B4A-11D0-8D11-00A0C91BC942}") = "HybridLiquidSim", "src\examples\hybrid_liquid_sim\HybridLiquidSim.vcxproj", "{16763896-AAC2-46BF-BC23-2753930A414A}"
	ProjectSection(ProjectDependencies) = postProject
		{A581EA54-58DB-4AF7-972A-202927F26BD0} = {A581EA54-58DB-4AF7-972A-202927F26BD0}
		{18ECE3D3-8250-4073-9F0B-2CAA62F80E2A} = {18ECE3D3-8250-4073-9F0B-2CAA62F80E2A}
		{4FE477D7-F336-4903-B956-CF67928DFCEE} = {4FE477D7-F336-4903-B956-CF67928DFCEE}
	EndProjectSection
EndProject
Project("{8BC9CEB8-8B4A-11D0-8D11-00A0C91BC942}") = "LevelSetLiquidSim", "src\examples\level_set_liquid_sim\LevelSetLiquidSim.vcxproj", "{7BAE5BCB-B3DB-455B-90AC-563B58416957}"
	ProjectSection(ProjectDependencies) = postProject
		{A581EA54-58DB-4AF7-972A-202927F26BD0} = {A581EA54-58DB-4AF7-972A-202927F26BD0}
		{18ECE3D3-8250-4073-9F0B-2CAA62F80E2A} = {18ECE3D3-8250-4073-9F0B-2CAA62F80E2A}
		{4FE477D7-F336-4903-B956-CF67928DFCEE} = {4FE477D7-F336-4903-B956-CF67928DFCEE}
		{2DB3FEE3-C5A0-4AEC-ACDF-A8EA0D27E6B8} = {2DB3FEE3-C5A0-4AEC-ACDF-A8EA0D27E6B8}
	EndProjectSection
EndProject
Project("{8BC9CEB8-8B4A-11D0-8D11-00A0C91BC942}") = "Obj2Sdf", "src\examples\obj2sdf\Obj2Sdf.vcxproj", "{3A7D295D-AF71-4AC6-81DA-87D7D1F57190}"
	ProjectSection(ProjectDependencies) = postProject
		{18ECE3D3-8250-4073-9F0B-2CAA62F80E2A} = {18ECE3D3-8250-4073-9F0B-2CAA62F80E2A}
		{4FE477D7-F336-4903-B956-CF67928DFCEE} = {4FE477D7-F336-4903-B956-CF67928DFCEE}
		{2DB3FEE3-C5A0-4AEC-ACDF-A8EA0D27E6B8} = {2DB3FEE3-C5A0-4AEC-ACDF-A8EA0D27E6B8}
	EndProjectSection
EndProject
Project("{8BC9CEB8-8B4A-11D0-8D11-00A0C91BC942}") = "Particles2Obj", "src\examples\particles2obj\Particles2Obj.vcxproj", "{0A3D8C7F-5999-47B2-A696-D0D422AB92B9}"
	ProjectSection(ProjectDependencies) = postProject
		{A581EA54-58DB-4AF7-972A-202927F26BD0} = {A581EA54-58DB-4AF7-972A-202927F26BD0}
		{18ECE3D3-8250-4073-9F0B-2CAA62F80E2A} = {18ECE3D3-8250-4073-9F0B-2CAA62F80E2A}
		{4FE477D7-F336-4903-B956-CF67928DFCEE} = {4FE477D7-F336-4903-B956-CF67928DFCEE}
		{2DB3FEE3-C5A0-4AEC-ACDF-A8EA0D27E6B8} = {2DB3FEE3-C5A0-4AEC-ACDF-A8EA0D27E6B8}
	EndProjectSection
EndProject
Project("{8BC9CEB8-8B4A-11D0-8D11-00A0C91BC942}") = "SmokeSim", "src\examples\smoke_sim\SmokeSim.vcxproj", "{4556AEDB-16EF-40B3-AFC0-A5F53778A648}"
	ProjectSection(ProjectDependencies) = postProject
		{A581EA54-58DB-4AF7-972A-202927F26BD0} = {A581EA54-58DB-4AF7-972A-202927F26BD0}
		{18ECE3D3-8250-4073-9F0B-2CAA62F80E2A} = {18ECE3D3-8250-4073-9F0B-2CAA62F80E2A}
		{4FE477D7-F336-4903-B956-CF67928DFCEE} = {4FE477D7-F336-4903-B956-CF67928DFCEE}
	EndProjectSection
EndProject
Project("{8BC9CEB8-8B4A-11D0-8D11-00A0C91BC942}") = "SphSim", "src\examples\sph_sim\SphSim.vcxproj", "{72DA0BC1-81A5-4313-842A-4CB91B8FB3F7}"
	ProjectSection(ProjectDependencies) = postProject
		{A581EA54-58DB-4AF7-972A-202927F26BD0} = {A581EA54-58DB-4AF7-972A-202927F26BD0}
		{18ECE3D3-8250-4073-9F0B-2CAA62F80E2A} = {18ECE3D3-8250-4073-9F0B-2CAA62F80E2A}
		{4FE477D7-F336-4903-B956-CF67928DFCEE} = {4FE477D7-F336-4903-B956-CF67928DFCEE}
	EndProjectSection
EndProject
Project("{8BC9CEB8-8B4A-11D0-8D11-00A0C91BC942}") = "Winix", "src\winix\Winix.vcxproj", "{18ECE3D3-8250-4073-9F0B-2CAA62F80E2A}"
EndProject
Project("{8BC9CEB8-8B4A-11D0-8D11-00A0C91BC942}") = "Particles2Xml", "src\examples\particles2xml\Particles2Xml.vcxproj", "{95F5F5EA-7335-465B-96D0-5AAB425E2F2B}"
	ProjectSection(ProjectDependencies) = postProject
		{A581EA54-58DB-4AF7-972A-202927F26BD0} = {A581EA54-58DB-4AF7-972A-202927F26BD0}
		{4FE477D7-F336-4903-B956-CF67928DFCEE} = {4FE477D7-F336-4903-B956-CF67928DFCEE}
	EndProjectSection
EndProject
Global
	GlobalSection(SolutionConfigurationPlatforms) = preSolution
		Debug|x64 = Debug|x64
		Debug|x86 = Debug|x86
		Release|x64 = Release|x64
		Release|x86 = Release|x86
	EndGlobalSection
	GlobalSection(ProjectConfigurationPlatforms) = postSolution
		{4FE477D7-F336-4903-B956-CF67928DFCEE}.Debug|x64.ActiveCfg = Debug|x64
		{4FE477D7-F336-4903-B956-CF67928DFCEE}.Debug|x64.Build.0 = Debug|x64
		{4FE477D7-F336-4903-B956-CF67928DFCEE}.Debug|x86.ActiveCfg = Debug|Win32
		{4FE477D7-F336-4903-B956-CF67928DFCEE}.Debug|x86.Build.0 = Debug|Win32
		{4FE477D7-F336-4903-B956-CF67928DFCEE}.Release|x64.ActiveCfg = Release|x64
		{4FE477D7-F336-4903-B956-CF67928DFCEE}.Release|x64.Build.0 = Release|x64
		{4FE477D7-F336-4903-B956-CF67928DFCEE}.Release|x86.ActiveCfg = Release|Win32
		{4FE477D7-F336-4903-B956-CF67928DFCEE}.Release|x86.Build.0 = Release|Win32
		{A113B1A8-29B4-4C05-A2EE-C4825F65C729}.Debug|x64.ActiveCfg = Debug|x64
		{A113B1A8-29B4-4C05-A2EE-C4825F65C729}.Debug|x64.Build.0 = Debug|x64
		{A113B1A8-29B4-4C05-A2EE-C4825F65C729}.Debug|x86.ActiveCfg = Debug|Win32
		{A113B1A8-29B4-4C05-A2EE-C4825F65C729}.Debug|x86.Build.0 = Debug|Win32
		{A113B1A8-29B4-4C05-A2EE-C4825F65C729}.Release|x64.ActiveCfg = Release|x64
		{A113B1A8-29B4-4C05-A2EE-C4825F65C729}.Release|x64.Build.0 = Release|x64
		{A113B1A8-29B4-4C05-A2EE-C4825F65C729}.Release|x86.ActiveCfg = Release|Win32
		{A113B1A8-29B4-4C05-A2EE-C4825F65C729}.Release|x86.Build.0 = Release|Win32
		{DF6018A6-EC7E-4D2E-856A-DAAB0B336946}.Debug|x64.ActiveCfg = Debug|x64
		{DF6018A6-EC7E-4D2E-856A-DAAB0B336946}.Debug|x64.Build.0 = Debug|x64
		{DF6018A6-EC7E-4D2E-856A-DAAB0B336946}.Debug|x86.ActiveCfg = Debug|Win32
		{DF6018A6-EC7E-4D2E-856A-DAAB0B336946}.Debug|x86.Build.0 = Debug|Win32
		{DF6018A6-EC7E-4D2E-856A-DAAB0B336946}.Release|x64.ActiveCfg = Release|x64
		{DF6018A6-EC7E-4D2E-856A-DAAB0B336946}.Release|x64.Build.0 = Release|x64
		{DF6018A6-EC7E-4D2E-856A-DAAB0B336946}.Release|x86.ActiveCfg = Release|Win32
		{DF6018A6-EC7E-4D2E-856A-DAAB0B336946}.Release|x86.Build.0 = Release|Win32
		{2FB522FB-8504-4522-89CB-8D7F8969E4F4}.Debug|x64.ActiveCfg = Debug|x64
		{2FB522FB-8504-4522-89CB-8D7F8969E4F4}.Debug|x64.Build.0 = Debug|x64
		{2FB522FB-8504-4522-89CB-8D7F8969E4F4}.Debug|x86.ActiveCfg = Debug|Win32
		{2FB522FB-8504-4522-89CB-8D7F8969E4F4}.Debug|x86.Build.0 = Debug|Win32
		{2FB522FB-8504-4522-89CB-8D7F8969E4F4}.Release|x64.ActiveCfg = Release|x64
		{2FB522FB-8504-4522-89CB-8D7F8969E4F4}.Release|x64.Build.0 = Release|x64
		{2FB522FB-8504-4522-89CB-8D7F8969E4F4}.Release|x86.ActiveCfg = Release|Win32
		{2FB522FB-8504-4522-89CB-8D7F8969E4F4}.Release|x86.Build.0 = Release|Win32
		{1EEA39D9-8F6F-4E83-8AAB-8B24432633F6}.Debug|x64.ActiveCfg = Debug|x64
		{1EEA39D9-8F6F-4E83-8AAB-8B24432633F6}.Debug|x64.Build.0 = Debug|x64
		{1EEA39D9-8F6F-4E83-8AAB-8B24432633F6}.Debug|x86.ActiveCfg = Debug|Win32
		{1EEA39D9-8F6F-4E83-8AAB-8B24432633F6}.Debug|x86.Build.0 = Debug|Win32
		{1EEA39D9-8F6F-4E83-8AAB-8B24432633F6}.Release|x64.ActiveCfg = Release|x64
		{1EEA39D9-8F6F-4E83-8AAB-8B24432633F6}.Release|x64.Build.0 = Release|x64
		{1EEA39D9-8F6F-4E83-8AAB-8B24432633F6}.Release|x86.ActiveCfg = Release|Win32
		{1EEA39D9-8F6F-4E83-8AAB-8B24432633F6}.Release|x86.Build.0 = Release|Win32
		{2DB3FEE3-C5A0-4AEC-ACDF-A8EA0D27E6B8}.Debug|x64.ActiveCfg = Debug|x64
		{2DB3FEE3-C5A0-4AEC-ACDF-A8EA0D27E6B8}.Debug|x64.Build.0 = Debug|x64
		{2DB3FEE3-C5A0-4AEC-ACDF-A8EA0D27E6B8}.Debug|x86.ActiveCfg = Debug|Win32
		{2DB3FEE3-C5A0-4AEC-ACDF-A8EA0D27E6B8}.Debug|x86.Build.0 = Debug|Win32
		{2DB3FEE3-C5A0-4AEC-ACDF-A8EA0D27E6B8}.Release|x64.ActiveCfg = Release|x64
		{2DB3FEE3-C5A0-4AEC-ACDF-A8EA0D27E6B8}.Release|x64.Build.0 = Release|x64
		{2DB3FEE3-C5A0-4AEC-ACDF-A8EA0D27E6B8}.Release|x86.ActiveCfg = Release|Win32
		{2DB3FEE3-C5A0-4AEC-ACDF-A8EA0D27E6B8}.Release|x86.Build.0 = Release|Win32
		{A581EA54-58DB-4AF7-972A-202927F26BD0}.Debug|x64.ActiveCfg = Debug|x64
		{A581EA54-58DB-4AF7-972A-202927F26BD0}.Debug|x64.Build.0 = Debug|x64
		{A581EA54-58DB-4AF7-972A-202927F26BD0}.Debug|x86.ActiveCfg = Debug|Win32
		{A581EA54-58DB-4AF7-972A-202927F26BD0}.Debug|x86.Build.0 = Debug|Win32
		{A581EA54-58DB-4AF7-972A-202927F26BD0}.Release|x64.ActiveCfg = Release|x64
		{A581EA54-58DB-4AF7-972A-202927F26BD0}.Release|x64.Build.0 = Release|x64
		{A581EA54-58DB-4AF7-972A-202927F26BD0}.Release|x86.ActiveCfg = Release|Win32
		{A581EA54-58DB-4AF7-972A-202927F26BD0}.Release|x86.Build.0 = Release|Win32
		{3215E509-376C-48DF-B86F-835B97C07AE2}.Debug|x64.ActiveCfg = Debug|x64
		{3215E509-376C-48DF-B86F-835B97C07AE2}.Debug|x64.Build.0 = Debug|x64
		{3215E509-376C-48DF-B86F-835B97C07AE2}.Debug|x86.ActiveCfg = Debug|Win32
		{3215E509-376C-48DF-B86F-835B97C07AE2}.Debug|x86.Build.0 = Debug|Win32
		{3215E509-376C-48DF-B86F-835B97C07AE2}.Release|x64.ActiveCfg = Release|x64
		{3215E509-376C-48DF-B86F-835B97C07AE2}.Release|x64.Build.0 = Release|x64
		{3215E509-376C-48DF-B86F-835B97C07AE2}.Release|x86.ActiveCfg = Release|Win32
		{3215E509-376C-48DF-B86F-835B97C07AE2}.Release|x86.Build.0 = Release|Win32
		{6EDE0A05-7610-4D5C-BE3B-048DD39CF8DB}.Debug|x64.ActiveCfg = Debug|x64
		{6EDE0A05-7610-4D5C-BE3B-048DD39CF8DB}.Debug|x64.Build.0 = Debug|x64
		{6EDE0A05-7610-4D5C-BE3B-048DD39CF8DB}.Debug|x86.ActiveCfg = Debug|Win32
		{6EDE0A05-7610-4D5C-BE3B-048DD39CF8DB}.Debug|x86.Build.0 = Debug|Win32
		{6EDE0A05-7610-4D5C-BE3B-048DD39CF8DB}.Release|x64.ActiveCfg = Release|x64
		{6EDE0A05-7610-4D5C-BE3B-048DD39CF8DB}.Release|x64.Build.0 = Release|x64
		{6EDE0A05-7610-4D5C-BE3B-048DD39CF8DB}.Release|x86.ActiveCfg = Release|Win32
		{6EDE0A05-7610-4D5C-BE3B-048DD39CF8DB}.Release|x86.Build.0 = Release|Win32
		{16763896-AAC2-46BF-BC23-2753930A414A}.Debug|x64.ActiveCfg = Debug|x64
		{16763896-AAC2-46BF-BC23-2753930A414A}.Debug|x64.Build.0 = Debug|x64
		{16763896-AAC2-46BF-BC23-2753930A414A}.Debug|x86.ActiveCfg = Debug|Win32
		{16763896-AAC2-46BF-BC23-2753930A414A}.Debug|x86.Build.0 = Debug|Win32
		{16763896-AAC2-46BF-BC23-2753930A414A}.Release|x64.ActiveCfg = Release|x64
		{16763896-AAC2-46BF-BC23-2753930A414A}.Release|x64.Build.0 = Release|x64
		{16763896-AAC2-46BF-BC23-2753930A414A}.Release|x86.ActiveCfg = Release|Win32
		{16763896-AAC2-46BF-BC23-2753930A414A}.Release|x86.Build.0 = Release|Win32
		{7BAE5BCB-B3DB-455B-90AC-563B58416957}.Debug|x64.ActiveCfg = Debug|x64
		{7BAE5BCB-B3DB-455B-90AC-563B58416957}.Debug|x64.Build.0 = Debug|x64
		{7BAE5BCB-B3DB-455B-90AC-563B58416957}.Debug|x86.ActiveCfg = Debug|Win32
		{7BAE5BCB-B3DB-455B-90AC-563B58416957}.Debug|x86.Build.0 = Debug|Win32
		{7BAE5BCB-B3DB-455B-90AC-563B58416957}.Release|x64.ActiveCfg = Release|x64
		{7BAE5BCB-B3DB-455B-90AC-563B58416957}.Release|x64.Build.0 = Release|x64
		{7BAE5BCB-B3DB-455B-90AC-563B58416957}.Release|x86.ActiveCfg = Release|Win32
		{7BAE5BCB-B3DB-455B-90AC-563B58416957}.Release|x86.Build.0 = Release|Win32
		{3A7D295D-AF71-4AC6-81DA-87D7D1F57190}.Debug|x64.ActiveCfg = Debug|x64
		{3A7D295D-AF71-4AC6-81DA-87D7D1F57190}.Debug|x64.Build.0 = Debug|x64
		{3A7D295D-AF71-4AC6-81DA-87D7D1F57190}.Debug|x86.ActiveCfg = Debug|Win32
		{3A7D295D-AF71-4AC6-81DA-87D7D1F57190}.Debug|x86.Build.0 = Debug|Win32
		{3A7D295D-AF71-4AC6-81DA-87D7D1F57190}.Release|x64.ActiveCfg = Release|x64
		{3A7D295D-AF71-4AC6-81DA-87D7D1F57190}.Release|x64.Build.0 = Release|x64
		{3A7D295D-AF71-4AC6-81DA-87D7D1F57190}.Release|x86.ActiveCfg = Release|Win32
		{3A7D295D-AF71-4AC6-81DA-87D7D1F57190}.Release|x86.Build.0 = Release|Win32
		{0A3D8C7F-5999-47B2-A696-D0D422AB92B9}.Debug|x64.ActiveCfg = Debug|x64
		{0A3D8C7F-5999-47B2-A696-D0D422AB92B9}.Debug|x64.Build.0 = Debug|x64
		{0A3D8C7F-5999-47B2-A696-D0D422AB92B9}.Debug|x86.ActiveCfg = Debug|Win32
		{0A3D8C7F-5999-47B2-A696-D0D422AB92B9}.Debug|x86.Build.0 = Debug|Win32
		{0A3D8C7F-5999-47B2-A696-D0D422AB92B9}.Release|x64.ActiveCfg = Release|x64
		{0A3D8C7F-5999-47B2-A696-D0D422AB92B9}.Release|x64.Build.0 = Release|x64
		{0A3D8C7F-5999-47B2-A696-D0D422AB92B9}.Release|x86.ActiveCfg = Release|Win32
		{0A3D8C7F-5999-47B2-A696-D0D422AB92B9}.Release|x86.Build.0 = Release|Win32
		{4556AEDB-16EF-40B3-AFC0-A5F53778A648}.Debug|x64.ActiveCfg = Debug|x64
		{4556AEDB-16EF-40B3-AFC0-A5F53778A648}.Debug|x64.Build.0 = Debug|x64
		{4556AEDB-16EF-40B3-AFC0-A5F53778A648}.Debug|x86.ActiveCfg = Debug|Win32
		{4556AEDB-16EF-40B3-AFC0-A5F53778A648}.Debug|x86.Build.0 = Debug|Win32
		{4556AEDB-16EF-40B3-AFC0-A5F53778A648}.Release|x64.ActiveCfg = Release|x64
		{4556AEDB-16EF-40B3-AFC0-A5F53778A648}.Release|x64.Build.0 = Release|x64
		{4556AEDB-16EF-40B3-AFC0-A5F53778A648}.Release|x86.ActiveCfg = Release|Win32
		{4556AEDB-16EF-40B3-AFC0-A5F53778A648}.Release|x86.Build.0 = Release|Win32
		{72DA0BC1-81A5-4313-842A-4CB91B8FB3F7}.Debug|x64.ActiveCfg = Debug|x64
		{72DA0BC1-81A5-4313-842A-4CB91B8FB3F7}.Debug|x64.Build.0 = Debug|x64
		{72DA0BC1-81A5-4313-842A-4CB91B8FB3F7}.Debug|x86.ActiveCfg = Debug|Win32
		{72DA0BC1-81A5-4313-842A-4CB91B8FB3F7}.Debug|x86.Build.0 = Debug|Win32
		{72DA0BC1-81A5-4313-842A-4CB91B8FB3F7}.Release|x64.ActiveCfg = Release|x64
		{72DA0BC1-81A5-4313-842A-4CB91B8FB3F7}.Release|x64.Build.0 = Release|x64
		{72DA0BC1-81A5-4313-842A-4CB91B8FB3F7}.Release|x86.ActiveCfg = Release|Win32
		{72DA0BC1-81A5-4313-842A-4CB91B8FB3F7}.Release|x86.Build.0 = Release|Win32
		{18ECE3D3-8250-4073-9F0B-2CAA62F80E2A}.Debug|x64.ActiveCfg = Debug|x64
		{18ECE3D3-8250-4073-9F0B-2CAA62F80E2A}.Debug|x64.Build.0 = Debug|x64
		{18ECE3D3-8250-4073-9F0B-2CAA62F80E2A}.Debug|x86.ActiveCfg = Debug|Win32
		{18ECE3D3-8250-4073-9F0B-2CAA62F80E2A}.Debug|x86.Build.0 = Debug|Win32
		{18ECE3D3-8250-4073-9F0B-2CAA62F80E2A}.Release|x64.ActiveCfg = Release|x64
		{18ECE3D3-8250-4073-9F0B-2CAA62F80E2A}.Release|x64.Build.0 = Release|x64
		{18ECE3D3-8250-4073-9F0B-2CAA62F80E2A}.Release|x86.ActiveCfg = Release|Win32
		{18ECE3D3-8250-4073-9F0B-2CAA62F80E2A}.Release|x86.Build.0 = Release|Win32
		{95F5F5EA-7335-465B-96D0-5AAB425E2F2B}.Debug|x64.ActiveCfg = Debug|x64
		{95F5F5EA-7335-465B-96D0-5AAB425E2F2B}.Debug|x64.Build.0 = Debug|x64
		{95F5F5EA-7335-465B-96D0-5AAB425E2F2B}.Debug|x86.ActiveCfg = Debug|Win32
		{95F5F5EA-7335-465B-96D0-5AAB425E2F2B}.Debug|x86.Build.0 = Debug|Win32
		{95F5F5EA-7335-465B-96D0-5AAB425E2F2B}.Release|x64.ActiveCfg = Release|x64
		{95F5F5EA-7335-465B-96D0-5AAB425E2F2B}.Release|x64.Build.0 = Release|x64
		{95F5F5EA-7335-465B-96D0-5AAB425E2F2B}.Release|x86.ActiveCfg = Release|Win32
		{95F5F5EA-7335-465B-96D0-5AAB425E2F2B}.Release|x86.Build.0 = Release|Win32
	EndGlobalSection
	GlobalSection(SolutionProperties) = preSolution
		HideSolutionNode = FALSE
	EndGlobalSection
	GlobalSection(NestedProjects) = preSolution
		{A113B1A8-29B4-4C05-A2EE-C4825F65C729} = {6176674F-BB5D-40F0-9AD6-38AF51BDA6EB}
		{DF6018A6-EC7E-4D2E-856A-DAAB0B336946} = {176F6AF2-5105-42B9-B27B-62B1EE20A294}
		{2FB522FB-8504-4522-89CB-8D7F8969E4F4} = {6176674F-BB5D-40F0-9AD6-38AF51BDA6EB}
		{1EEA39D9-8F6F-4E83-8AAB-8B24432633F6} = {A566C0CA-9ACB-4847-9A0E-635D534AEBD7}
		{2DB3FEE3-C5A0-4AEC-ACDF-A8EA0D27E6B8} = {6176674F-BB5D-40F0-9AD6-38AF51BDA6EB}
		{A581EA54-58DB-4AF7-972A-202927F26BD0} = {6176674F-BB5D-40F0-9AD6-38AF51BDA6EB}
		{3215E509-376C-48DF-B86F-835B97C07AE2} = {176F6AF2-5105-42B9-B27B-62B1EE20A294}
		{6EDE0A05-7610-4D5C-BE3B-048DD39CF8DB} = {176F6AF2-5105-42B9-B27B-62B1EE20A294}
		{16763896-AAC2-46BF-BC23-2753930A414A} = {A566C0CA-9ACB-4847-9A0E-635D534AEBD7}
		{7BAE5BCB-B3DB-455B-90AC-563B58416957} = {A566C0CA-9ACB-4847-9A0E-635D534AEBD7}
		{3A7D295D-AF71-4AC6-81DA-87D7D1F57190} = {A566C0CA-9ACB-4847-9A0E-635D534AEBD7}
		{0A3D8C7F-5999-47B2-A696-D0D422AB92B9} = {A566C0CA-9ACB-4847-9A0E-635D534AEBD7}
		{4556AEDB-16EF-40B3-AFC0-A5F53778A648} = {A566C0CA-9ACB-4847-9A0E-635D534AEBD7}
		{72DA0BC1-81A5-4313-842A-4CB91B8FB3F7} = {A566C0CA-9ACB-4847-9A0E-635D534AEBD7}
		{18ECE3D3-8250-4073-9F0B-2CAA62F80E2A} = {6176674F-BB5D-40F0-9AD6-38AF51BDA6EB}
		{95F5F5EA-7335-465B-96D0-5AAB425E2F2B} = {A566C0CA-9ACB-4847-9A0E-635D534AEBD7}
	EndGlobalSection
EndGlobal
