<?xml version="1.0" encoding="utf-8"?>
<Project ToolsVersion="4.0" xmlns="http://schemas.microsoft.com/developer/msbuild/2003">
  <ItemGroup>
    <Filter Include="Source Files">
      <UniqueIdentifier>{4FC737F1-C7A5-4376-A066-2A32D752A2FF}</UniqueIdentifier>
      <Extensions>cpp;c;cc;cxx;def;odl;idl;hpj;bat;asm;asmx</Extensions>
    </Filter>
    <Filter Include="Header Files">
      <UniqueIdentifier>{93995380-89BD-4b04-88EB-625FBE52EBFB}</UniqueIdentifier>
      <Extensions>h;hh;hpp;hxx;hm;inl;inc;xsd</Extensions>
    </Filter>
    <Filter Include="Resource Files">
      <UniqueIdentifier>{67DA6AB6-F800-4c08-8B7A-83BB121AAD01}</UniqueIdentifier>
      <Extensions>rc;ico;cur;bmp;dlg;rc2;rct;bin;rgs;gif;jpg;jpeg;jpe;resx;tiff;tif;png;wav;mfcribbon-ms</Extensions>
    </Filter>
    <Filter Include="PCH">
      <UniqueIdentifier>{72824b33-8245-4027-ba8a-a8261a30e8e2}</UniqueIdentifier>
    </Filter>
    <Filter Include="Header Files\detail">
      <UniqueIdentifier>{7985aa9d-bcc9-46f5-93df-555a434886fe}</UniqueIdentifier>
    </Filter>
    <Filter Include="Script Files">
      <UniqueIdentifier>{3ec87c55-a8d1-40ed-997d-4c6e8bc0291c}</UniqueIdentifier>
    </Filter>
  </ItemGroup>
  <ItemGroup>
    <ClInclude Include="pch.h">
      <Filter>PCH</Filter>
    </ClInclude>
    <ClInclude Include="..\..\include\jet\detail\array_samplers2-inl.h">
      <Filter>Header Files\detail</Filter>
    </ClInclude>
    <ClInclude Include="..\..\include\jet\detail\array_samplers3-inl.h">
      <Filter>Header Files\detail</Filter>
    </ClInclude>
    <ClInclude Include="..\..\include\jet\detail\array_utils-inl.h">
      <Filter>Header Files\detail</Filter>
    </ClInclude>
    <ClInclude Include="..\..\include\jet\detail\array1-inl.h">
      <Filter>Header Files\detail</Filter>
    </ClInclude>
    <ClInclude Include="..\..\include\jet\detail\array2-inl.h">
      <Filter>Header Files\detail</Filter>
    </ClInclude>
    <ClInclude Include="..\..\include\jet\detail\array3-inl.h">
      <Filter>Header Files\detail</Filter>
    </ClInclude>
    <ClInclude Include="..\..\include\jet\detail\blas-inl.h">
      <Filter>Header Files\detail</Filter>
    </ClInclude>
    <ClInclude Include="..\..\include\jet\detail\bounding_box2-inl.h">
      <Filter>Header Files\detail</Filter>
    </ClInclude>
    <ClInclude Include="..\..\include\jet\detail\bounding_box3-inl.h">
      <Filter>Header Files\detail</Filter>
    </ClInclude>
    <ClInclude Include="..\..\include\jet\detail\bounding_box-inl.h">
      <Filter>Header Files\detail</Filter>
    </ClInclude>
    <ClInclude Include="..\..\include\jet\detail\cg-inl.h">
      <Filter>Header Files\detail</Filter>
    </ClInclude>
    <ClInclude Include="..\..\include\jet\detail\event-inl.h">
      <Filter>Header Files\detail</Filter>
    </ClInclude>
    <ClInclude Include="..\..\include\jet\detail\level_set_utils-inl.h">
      <Filter>Header Files\detail</Filter>
    </ClInclude>
    <ClInclude Include="..\..\include\jet\detail\math_utils-inl.h">
      <Filter>Header Files\detail</Filter>
    </ClInclude>
    <ClInclude Include="..\..\include\jet\detail\matrix2x2-inl.h">
      <Filter>Header Files\detail</Filter>
    </ClInclude>
    <ClInclude Include="..\..\include\jet\detail\matrix3x3-inl.h">
      <Filter>Header Files\detail</Filter>
    </ClInclude>
    <ClInclude Include="..\..\include\jet\detail\matrix4x4-inl.h">
      <Filter>Header Files\detail</Filter>
    </ClInclude>
    <ClInclude Include="..\..\include\jet\detail\matrix-inl.h">
      <Filter>Header Files\detail</Filter>
    </ClInclude>
    <ClInclude Include="..\..\include\jet\detail\parallel-inl.h">
      <Filter>Header Files\detail</Filter>
    </ClInclude>
    <ClInclude Include="..\..\include\jet\detail\pde-inl.h">
      <Filter>Header Files\detail</Filter>
    </ClInclude>
    <ClInclude Include="..\..\include\jet\detail\point2-inl.h">
      <Filter>Header Files\detail</Filter>
    </ClInclude>
    <ClInclude Include="..\..\include\jet\detail\point3-inl.h">
      <Filter>Header Files\detail</Filter>
    </ClInclude>
    <ClInclude Include="..\..\include\jet\detail\point-inl.h">
      <Filter>Header Files\detail</Filter>
    </ClInclude>
    <ClInclude Include="..\..\include\jet\detail\quaternion-inl.h">
      <Filter>Header Files\detail</Filter>
    </ClInclude>
    <ClInclude Include="..\..\include\jet\detail\ray2-inl.h">
      <Filter>Header Files\detail</Filter>
    </ClInclude>
    <ClInclude Include="..\..\include\jet\detail\ray3-inl.h">
      <Filter>Header Files\detail</Filter>
    </ClInclude>
    <ClInclude Include="..\..\include\jet\detail\samplers-inl.h">
      <Filter>Header Files\detail</Filter>
    </ClInclude>
    <ClInclude Include="..\..\include\jet\detail\serial-inl.h">
      <Filter>Header Files\detail</Filter>
    </ClInclude>
    <ClInclude Include="..\..\include\jet\detail\size2-inl.h">
      <Filter>Header Files\detail</Filter>
    </ClInclude>
    <ClInclude Include="..\..\include\jet\detail\size3-inl.h">
      <Filter>Header Files\detail</Filter>
    </ClInclude>
    <ClInclude Include="..\..\include\jet\detail\size-inl.h">
      <Filter>Header Files\detail</Filter>
    </ClInclude>
    <ClInclude Include="..\..\include\jet\detail\sph_kernels2-inl.h">
      <Filter>Header Files\detail</Filter>
    </ClInclude>
    <ClInclude Include="..\..\include\jet\detail\sph_kernels3-inl.h">
      <Filter>Header Files\detail</Filter>
    </ClInclude>
    <ClInclude Include="..\..\include\jet\detail\vector2-inl.h">
      <Filter>Header Files\detail</Filter>
    </ClInclude>
    <ClInclude Include="..\..\include\jet\detail\vector3-inl.h">
      <Filter>Header Files\detail</Filter>
    </ClInclude>
    <ClInclude Include="..\..\include\jet\detail\vector4-inl.h">
      <Filter>Header Files\detail</Filter>
    </ClInclude>
    <ClInclude Include="..\..\include\jet\detail\vector-inl.h">
      <Filter>Header Files\detail</Filter>
    </ClInclude>
    <ClInclude Include="..\..\include\jet\detail\array_accessor1-inl.h">
      <Filter>Header Files\detail</Filter>
    </ClInclude>
    <ClInclude Include="..\..\include\jet\detail\array_accessor2-inl.h">
      <Filter>Header Files\detail</Filter>
    </ClInclude>
    <ClInclude Include="..\..\include\jet\detail\array_accessor3-inl.h">
      <Filter>Header Files\detail</Filter>
    </ClInclude>
    <ClInclude Include="..\..\include\jet\detail\array_samplers1-inl.h">
      <Filter>Header Files\detail</Filter>
    </ClInclude>
    <ClInclude Include="..\..\include\jet\advection_solver2.h">
      <Filter>Header Files</Filter>
    </ClInclude>
    <ClInclude Include="..\..\include\jet\advection_solver3.h">
      <Filter>Header Files</Filter>
    </ClInclude>
    <ClInclude Include="..\..\include\jet\animation.h">
      <Filter>Header Files</Filter>
    </ClInclude>
    <ClInclude Include="..\..\include\jet\array.h">
      <Filter>Header Files</Filter>
    </ClInclude>
    <ClInclude Include="..\..\include\jet\array_accessor.h">
      <Filter>Header Files</Filter>
    </ClInclude>
    <ClInclude Include="..\..\include\jet\array_accessor1.h">
      <Filter>Header Files</Filter>
    </ClInclude>
    <ClInclude Include="..\..\include\jet\array_accessor2.h">
      <Filter>Header Files</Filter>
    </ClInclude>
    <ClInclude Include="..\..\include\jet\array_accessor3.h">
      <Filter>Header Files</Filter>
    </ClInclude>
    <ClInclude Include="..\..\include\jet\array_samplers.h">
      <Filter>Header Files</Filter>
    </ClInclude>
    <ClInclude Include="..\..\include\jet\array_samplers1.h">
      <Filter>Header Files</Filter>
    </ClInclude>
    <ClInclude Include="..\..\include\jet\array_samplers2.h">
      <Filter>Header Files</Filter>
    </ClInclude>
    <ClInclude Include="..\..\include\jet\array_samplers3.h">
      <Filter>Header Files</Filter>
    </ClInclude>
    <ClInclude Include="..\..\include\jet\array_utils.h">
      <Filter>Header Files</Filter>
    </ClInclude>
    <ClInclude Include="..\..\include\jet\array1.h">
      <Filter>Header Files</Filter>
    </ClInclude>
    <ClInclude Include="..\..\include\jet\array2.h">
      <Filter>Header Files</Filter>
    </ClInclude>
    <ClInclude Include="..\..\include\jet\array3.h">
      <Filter>Header Files</Filter>
    </ClInclude>
    <ClInclude Include="..\..\include\jet\bcc_lattice_point_generator.h">
      <Filter>Header Files</Filter>
    </ClInclude>
    <ClInclude Include="..\..\include\jet\blas.h">
      <Filter>Header Files</Filter>
    </ClInclude>
    <ClInclude Include="..\..\include\jet\bounding_box.h">
      <Filter>Header Files</Filter>
    </ClInclude>
    <ClInclude Include="..\..\include\jet\bounding_box2.h">
      <Filter>Header Files</Filter>
    </ClInclude>
    <ClInclude Include="..\..\include\jet\bounding_box3.h">
      <Filter>Header Files</Filter>
    </ClInclude>
    <ClInclude Include="..\..\include\jet\box2.h">
      <Filter>Header Files</Filter>
    </ClInclude>
    <ClInclude Include="..\..\include\jet\box3.h">
      <Filter>Header Files</Filter>
    </ClInclude>
    <ClInclude Include="..\..\include\jet\cell_centered_scalar_grid2.h">
      <Filter>Header Files</Filter>
    </ClInclude>
    <ClInclude Include="..\..\include\jet\cell_centered_scalar_grid3.h">
      <Filter>Header Files</Filter>
    </ClInclude>
    <ClInclude Include="..\..\include\jet\cell_centered_vector_grid2.h">
      <Filter>Header Files</Filter>
    </ClInclude>
    <ClInclude Include="..\..\include\jet\cell_centered_vector_grid3.h">
      <Filter>Header Files</Filter>
    </ClInclude>
    <ClInclude Include="..\..\include\jet\cg.h">
      <Filter>Header Files</Filter>
    </ClInclude>
    <ClInclude Include="..\..\include\jet\collider_set2.h">
      <Filter>Header Files</Filter>
    </ClInclude>
    <ClInclude Include="..\..\include\jet\collider_set3.h">
      <Filter>Header Files</Filter>
    </ClInclude>
    <ClInclude Include="..\..\include\jet\collider2.h">
      <Filter>Header Files</Filter>
    </ClInclude>
    <ClInclude Include="..\..\include\jet\collider3.h">
      <Filter>Header Files</Filter>
    </ClInclude>
    <ClInclude Include="..\..\include\jet\collocated_vector_grid2.h">
      <Filter>Header Files</Filter>
    </ClInclude>
    <ClInclude Include="..\..\include\jet\collocated_vector_grid3.h">
      <Filter>Header Files</Filter>
    </ClInclude>
    <ClInclude Include="..\..\include\jet\constant_scalar_field2.h">
      <Filter>Header Files</Filter>
    </ClInclude>
    <ClInclude Include="..\..\include\jet\constant_scalar_field3.h">
      <Filter>Header Files</Filter>
    </ClInclude>
    <ClInclude Include="..\..\include\jet\constant_vector_field2.h">
      <Filter>Header Files</Filter>
    </ClInclude>
    <ClInclude Include="..\..\include\jet\constant_vector_field3.h">
      <Filter>Header Files</Filter>
    </ClInclude>
    <ClInclude Include="..\..\include\jet\constants.h">
      <Filter>Header Files</Filter>
    </ClInclude>
    <ClInclude Include="..\..\include\jet\cubic_semi_lagrangian2.h">
      <Filter>Header Files</Filter>
    </ClInclude>
    <ClInclude Include="..\..\include\jet\cubic_semi_lagrangian3.h">
      <Filter>Header Files</Filter>
    </ClInclude>
    <ClInclude Include="..\..\include\jet\custom_implicit_surface2.h">
      <Filter>Header Files</Filter>
    </ClInclude>
    <ClInclude Include="..\..\include\jet\custom_implicit_surface3.h">
      <Filter>Header Files</Filter>
    </ClInclude>
    <ClInclude Include="..\..\include\jet\custom_scalar_field2.h">
      <Filter>Header Files</Filter>
    </ClInclude>
    <ClInclude Include="..\..\include\jet\custom_scalar_field3.h">
      <Filter>Header Files</Filter>
    </ClInclude>
    <ClInclude Include="..\..\include\jet\custom_vector_field2.h">
      <Filter>Header Files</Filter>
    </ClInclude>
    <ClInclude Include="..\..\include\jet\custom_vector_field3.h">
      <Filter>Header Files</Filter>
    </ClInclude>
    <ClInclude Include="..\..\include\jet\cylinder3.h">
      <Filter>Header Files</Filter>
    </ClInclude>
    <ClInclude Include="..\..\include\jet\eno_level_set_solver2.h">
      <Filter>Header Files</Filter>
    </ClInclude>
    <ClInclude Include="..\..\include\jet\eno_level_set_solver3.h">
      <Filter>Header Files</Filter>
    </ClInclude>
    <ClInclude Include="..\..\include\jet\event.h">
      <Filter>Header Files</Filter>
    </ClInclude>
    <ClInclude Include="..\..\include\jet\face_centered_grid2.h">
      <Filter>Header Files</Filter>
    </ClInclude>
    <ClInclude Include="..\..\include\jet\face_centered_grid3.h">
      <Filter>Header Files</Filter>
    </ClInclude>
    <ClInclude Include="..\..\include\jet\fcc_lattice_point_generator.h">
      <Filter>Header Files</Filter>
    </ClInclude>
    <ClInclude Include="..\..\include\jet\fdm_cg_solver2.h">
      <Filter>Header Files</Filter>
    </ClInclude>
    <ClInclude Include="..\..\include\jet\fdm_cg_solver3.h">
      <Filter>Header Files</Filter>
    </ClInclude>
    <ClInclude Include="..\..\include\jet\fdm_gauss_seidel_solver2.h">
      <Filter>Header Files</Filter>
    </ClInclude>
    <ClInclude Include="..\..\include\jet\fdm_gauss_seidel_solver3.h">
      <Filter>Header Files</Filter>
    </ClInclude>
    <ClInclude Include="..\..\include\jet\fdm_iccg_solver2.h">
      <Filter>Header Files</Filter>
    </ClInclude>
    <ClInclude Include="..\..\include\jet\fdm_iccg_solver3.h">
      <Filter>Header Files</Filter>
    </ClInclude>
    <ClInclude Include="..\..\include\jet\fdm_jacobi_solver2.h">
      <Filter>Header Files</Filter>
    </ClInclude>
    <ClInclude Include="..\..\include\jet\fdm_jacobi_solver3.h">
      <Filter>Header Files</Filter>
    </ClInclude>
    <ClInclude Include="..\..\include\jet\fdm_linear_system_solver2.h">
      <Filter>Header Files</Filter>
    </ClInclude>
    <ClInclude Include="..\..\include\jet\fdm_linear_system_solver3.h">
      <Filter>Header Files</Filter>
    </ClInclude>
    <ClInclude Include="..\..\include\jet\fdm_linear_system2.h">
      <Filter>Header Files</Filter>
    </ClInclude>
    <ClInclude Include="..\..\include\jet\fdm_linear_system3.h">
      <Filter>Header Files</Filter>
    </ClInclude>
    <ClInclude Include="..\..\include\jet\fdm_utils.h">
      <Filter>Header Files</Filter>
    </ClInclude>
    <ClInclude Include="..\..\include\jet\field2.h">
      <Filter>Header Files</Filter>
    </ClInclude>
    <ClInclude Include="..\..\include\jet\field3.h">
      <Filter>Header Files</Filter>
    </ClInclude>
    <ClInclude Include="..\..\include\jet\flip_solver2.h">
      <Filter>Header Files</Filter>
    </ClInclude>
    <ClInclude Include="..\..\include\jet\flip_solver3.h">
      <Filter>Header Files</Filter>
    </ClInclude>
    <ClInclude Include="..\..\include\jet\fmm_level_set_solver2.h">
      <Filter>Header Files</Filter>
    </ClInclude>
    <ClInclude Include="..\..\include\jet\fmm_level_set_solver3.h">
      <Filter>Header Files</Filter>
    </ClInclude>
    <ClInclude Include="..\..\include\jet\grid_backward_euler_diffusion_solver2.h">
      <Filter>Header Files</Filter>
    </ClInclude>
    <ClInclude Include="..\..\include\jet\grid_backward_euler_diffusion_solver3.h">
      <Filter>Header Files</Filter>
    </ClInclude>
    <ClInclude Include="..\..\include\jet\grid_blocked_boundary_condition_solver2.h">
      <Filter>Header Files</Filter>
    </ClInclude>
    <ClInclude Include="..\..\include\jet\grid_blocked_boundary_condition_solver3.h">
      <Filter>Header Files</Filter>
    </ClInclude>
    <ClInclude Include="..\..\include\jet\grid_boundary_condition_solver2.h">
      <Filter>Header Files</Filter>
    </ClInclude>
    <ClInclude Include="..\..\include\jet\grid_boundary_condition_solver3.h">
      <Filter>Header Files</Filter>
    </ClInclude>
    <ClInclude Include="..\..\include\jet\grid_diffusion_solver2.h">
      <Filter>Header Files</Filter>
    </ClInclude>
    <ClInclude Include="..\..\include\jet\grid_diffusion_solver3.h">
      <Filter>Header Files</Filter>
    </ClInclude>
    <ClInclude Include="..\..\include\jet\grid_emitter2.h">
      <Filter>Header Files</Filter>
    </ClInclude>
    <ClInclude Include="..\..\include\jet\grid_emitter3.h">
      <Filter>Header Files</Filter>
    </ClInclude>
    <ClInclude Include="..\..\include\jet\grid_emitter_set2.h">
      <Filter>Header Files</Filter>
    </ClInclude>
    <ClInclude Include="..\..\include\jet\grid_emitter_set3.h">
      <Filter>Header Files</Filter>
    </ClInclude>
    <ClInclude Include="..\..\include\jet\grid_fluid_solver2.h">
      <Filter>Header Files</Filter>
    </ClInclude>
    <ClInclude Include="..\..\include\jet\grid_fluid_solver3.h">
      <Filter>Header Files</Filter>
    </ClInclude>
    <ClInclude Include="..\..\include\jet\grid_forward_euler_diffusion_solver2.h">
      <Filter>Header Files</Filter>
    </ClInclude>
    <ClInclude Include="..\..\include\jet\grid_forward_euler_diffusion_solver3.h">
      <Filter>Header Files</Filter>
    </ClInclude>
    <ClInclude Include="..\..\include\jet\grid_fractional_boundary_condition_solver2.h">
      <Filter>Header Files</Filter>
    </ClInclude>
    <ClInclude Include="..\..\include\jet\grid_fractional_boundary_condition_solver3.h">
      <Filter>Header Files</Filter>
    </ClInclude>
    <ClInclude Include="..\..\include\jet\grid_fractional_single_phase_pressure_solver2.h">
      <Filter>Header Files</Filter>
    </ClInclude>
    <ClInclude Include="..\..\include\jet\grid_fractional_single_phase_pressure_solver3.h">
      <Filter>Header Files</Filter>
    </ClInclude>
    <ClInclude Include="..\..\include\jet\grid_point_generator2.h">
      <Filter>Header Files</Filter>
    </ClInclude>
    <ClInclude Include="..\..\include\jet\grid_point_generator3.h">
      <Filter>Header Files</Filter>
    </ClInclude>
    <ClInclude Include="..\..\include\jet\grid_pressure_solver2.h">
      <Filter>Header Files</Filter>
    </ClInclude>
    <ClInclude Include="..\..\include\jet\grid_pressure_solver3.h">
      <Filter>Header Files</Filter>
    </ClInclude>
    <ClInclude Include="..\..\include\jet\grid_single_phase_pressure_solver2.h">
      <Filter>Header Files</Filter>
    </ClInclude>
    <ClInclude Include="..\..\include\jet\grid_single_phase_pressure_solver3.h">
      <Filter>Header Files</Filter>
    </ClInclude>
    <ClInclude Include="..\..\include\jet\grid_smoke_solver2.h">
      <Filter>Header Files</Filter>
    </ClInclude>
    <ClInclude Include="..\..\include\jet\grid_smoke_solver3.h">
      <Filter>Header Files</Filter>
    </ClInclude>
    <ClInclude Include="..\..\include\jet\grid_system_data2.h">
      <Filter>Header Files</Filter>
    </ClInclude>
    <ClInclude Include="..\..\include\jet\grid_system_data3.h">
      <Filter>Header Files</Filter>
    </ClInclude>
    <ClInclude Include="..\..\include\jet\grid2.h">
      <Filter>Header Files</Filter>
    </ClInclude>
    <ClInclude Include="..\..\include\jet\grid3.h">
      <Filter>Header Files</Filter>
    </ClInclude>
    <ClInclude Include="..\..\include\jet\implicit_surface_set2.h">
      <Filter>Header Files</Filter>
    </ClInclude>
    <ClInclude Include="..\..\include\jet\implicit_surface_set3.h">
      <Filter>Header Files</Filter>
    </ClInclude>
    <ClInclude Include="..\..\include\jet\implicit_surface2.h">
      <Filter>Header Files</Filter>
    </ClInclude>
    <ClInclude Include="..\..\include\jet\implicit_surface3.h">
      <Filter>Header Files</Filter>
    </ClInclude>
    <ClInclude Include="..\..\include\jet\iterative_level_set_solver2.h">
      <Filter>Header Files</Filter>
    </ClInclude>
    <ClInclude Include="..\..\include\jet\iterative_level_set_solver3.h">
      <Filter>Header Files</Filter>
    </ClInclude>
    <ClInclude Include="..\..\include\jet\jet.h">
      <Filter>Header Files</Filter>
    </ClInclude>
    <ClInclude Include="..\..\include\jet\level_set_liquid_solver2.h">
      <Filter>Header Files</Filter>
    </ClInclude>
    <ClInclude Include="..\..\include\jet\level_set_liquid_solver3.h">
      <Filter>Header Files</Filter>
    </ClInclude>
    <ClInclude Include="..\..\include\jet\level_set_solver2.h">
      <Filter>Header Files</Filter>
    </ClInclude>
    <ClInclude Include="..\..\include\jet\level_set_solver3.h">
      <Filter>Header Files</Filter>
    </ClInclude>
    <ClInclude Include="..\..\include\jet\level_set_utils.h">
      <Filter>Header Files</Filter>
    </ClInclude>
    <ClInclude Include="..\..\include\jet\logging.h">
      <Filter>Header Files</Filter>
    </ClInclude>
    <ClInclude Include="..\..\include\jet\macros.h">
      <Filter>Header Files</Filter>
    </ClInclude>
    <ClInclude Include="..\..\include\jet\marching_cubes.h">
      <Filter>Header Files</Filter>
    </ClInclude>
    <ClInclude Include="..\..\include\jet\math_utils.h">
      <Filter>Header Files</Filter>
    </ClInclude>
    <ClInclude Include="..\..\include\jet\matrix.h">
      <Filter>Header Files</Filter>
    </ClInclude>
    <ClInclude Include="..\..\include\jet\matrix2x2.h">
      <Filter>Header Files</Filter>
    </ClInclude>
    <ClInclude Include="..\..\include\jet\matrix3x3.h">
      <Filter>Header Files</Filter>
    </ClInclude>
    <ClInclude Include="..\..\include\jet\matrix4x4.h">
      <Filter>Header Files</Filter>
    </ClInclude>
    <ClInclude Include="..\..\include\jet\parallel.h">
      <Filter>Header Files</Filter>
    </ClInclude>
    <ClInclude Include="..\..\include\jet\particle_emitter2.h">
      <Filter>Header Files</Filter>
    </ClInclude>
    <ClInclude Include="..\..\include\jet\particle_emitter3.h">
      <Filter>Header Files</Filter>
    </ClInclude>
    <ClInclude Include="..\..\include\jet\particle_emitter_set2.h">
      <Filter>Header Files</Filter>
    </ClInclude>
    <ClInclude Include="..\..\include\jet\particle_emitter_set3.h">
      <Filter>Header Files</Filter>
    </ClInclude>
    <ClInclude Include="..\..\include\jet\particle_system_data2.h">
      <Filter>Header Files</Filter>
    </ClInclude>
    <ClInclude Include="..\..\include\jet\particle_system_data3.h">
      <Filter>Header Files</Filter>
    </ClInclude>
    <ClInclude Include="..\..\include\jet\particle_system_solver2.h">
      <Filter>Header Files</Filter>
    </ClInclude>
    <ClInclude Include="..\..\include\jet\particle_system_solver3.h">
      <Filter>Header Files</Filter>
    </ClInclude>
    <ClInclude Include="..\..\include\jet\pci_sph_solver2.h">
      <Filter>Header Files</Filter>
    </ClInclude>
    <ClInclude Include="..\..\include\jet\pci_sph_solver3.h">
      <Filter>Header Files</Filter>
    </ClInclude>
    <ClInclude Include="..\..\include\jet\pde.h">
      <Filter>Header Files</Filter>
    </ClInclude>
    <ClInclude Include="..\..\include\jet\physics_animation.h">
      <Filter>Header Files</Filter>
    </ClInclude>
    <ClInclude Include="..\..\include\jet\pic_solver2.h">
      <Filter>Header Files</Filter>
    </ClInclude>
    <ClInclude Include="..\..\include\jet\pic_solver3.h">
      <Filter>Header Files</Filter>
    </ClInclude>
    <ClInclude Include="..\..\include\jet\plane2.h">
      <Filter>Header Files</Filter>
    </ClInclude>
    <ClInclude Include="..\..\include\jet\plane3.h">
      <Filter>Header Files</Filter>
    </ClInclude>
    <ClInclude Include="..\..\include\jet\point.h">
      <Filter>Header Files</Filter>
    </ClInclude>
    <ClInclude Include="..\..\include\jet\point_hash_grid_searcher2.h">
      <Filter>Header Files</Filter>
    </ClInclude>
    <ClInclude Include="..\..\include\jet\point_hash_grid_searcher3.h">
      <Filter>Header Files</Filter>
    </ClInclude>
    <ClInclude Include="..\..\include\jet\point_neighbor_searcher2.h">
      <Filter>Header Files</Filter>
    </ClInclude>
    <ClInclude Include="..\..\include\jet\point_neighbor_searcher3.h">
      <Filter>Header Files</Filter>
    </ClInclude>
    <ClInclude Include="..\..\include\jet\point_parallel_hash_grid_searcher2.h">
      <Filter>Header Files</Filter>
    </ClInclude>
    <ClInclude Include="..\..\include\jet\point_parallel_hash_grid_searcher3.h">
      <Filter>Header Files</Filter>
    </ClInclude>
    <ClInclude Include="..\..\include\jet\point_particle_emitter2.h">
      <Filter>Header Files</Filter>
    </ClInclude>
    <ClInclude Include="..\..\include\jet\point_particle_emitter3.h">
      <Filter>Header Files</Filter>
    </ClInclude>
    <ClInclude Include="..\..\include\jet\point_simple_list_searcher2.h">
      <Filter>Header Files</Filter>
    </ClInclude>
    <ClInclude Include="..\..\include\jet\point_simple_list_searcher3.h">
      <Filter>Header Files</Filter>
    </ClInclude>
    <ClInclude Include="..\..\include\jet\point2.h">
      <Filter>Header Files</Filter>
    </ClInclude>
    <ClInclude Include="..\..\include\jet\point3.h">
      <Filter>Header Files</Filter>
    </ClInclude>
    <ClInclude Include="..\..\include\jet\point_generator2.h">
      <Filter>Header Files</Filter>
    </ClInclude>
    <ClInclude Include="..\..\include\jet\point_generator3.h">
      <Filter>Header Files</Filter>
    </ClInclude>
    <ClInclude Include="..\..\include\jet\quaternion.h">
      <Filter>Header Files</Filter>
    </ClInclude>
    <ClInclude Include="..\..\include\jet\ray.h">
      <Filter>Header Files</Filter>
    </ClInclude>
    <ClInclude Include="..\..\include\jet\ray2.h">
      <Filter>Header Files</Filter>
    </ClInclude>
    <ClInclude Include="..\..\include\jet\ray3.h">
      <Filter>Header Files</Filter>
    </ClInclude>
    <ClInclude Include="..\..\include\jet\rigid_body_collider2.h">
      <Filter>Header Files</Filter>
    </ClInclude>
    <ClInclude Include="..\..\include\jet\rigid_body_collider3.h">
      <Filter>Header Files</Filter>
    </ClInclude>
    <ClInclude Include="..\..\include\jet\samplers.h">
      <Filter>Header Files</Filter>
    </ClInclude>
    <ClInclude Include="..\..\include\jet\scalar_field2.h">
      <Filter>Header Files</Filter>
    </ClInclude>
    <ClInclude Include="..\..\include\jet\scalar_field3.h">
      <Filter>Header Files</Filter>
    </ClInclude>
    <ClInclude Include="..\..\include\jet\scalar_grid2.h">
      <Filter>Header Files</Filter>
    </ClInclude>
    <ClInclude Include="..\..\include\jet\scalar_grid3.h">
      <Filter>Header Files</Filter>
    </ClInclude>
    <ClInclude Include="..\..\include\jet\semi_lagrangian2.h">
      <Filter>Header Files</Filter>
    </ClInclude>
    <ClInclude Include="..\..\include\jet\semi_lagrangian3.h">
      <Filter>Header Files</Filter>
    </ClInclude>
    <ClInclude Include="..\..\include\jet\serial.h">
      <Filter>Header Files</Filter>
    </ClInclude>
    <ClInclude Include="..\..\include\jet\serialization.h">
      <Filter>Header Files</Filter>
    </ClInclude>
    <ClInclude Include="..\..\include\jet\size.h">
      <Filter>Header Files</Filter>
    </ClInclude>
    <ClInclude Include="..\..\include\jet\size2.h">
      <Filter>Header Files</Filter>
    </ClInclude>
    <ClInclude Include="..\..\include\jet\size3.h">
      <Filter>Header Files</Filter>
    </ClInclude>
    <ClInclude Include="..\..\include\jet\sph_kernels2.h">
      <Filter>Header Files</Filter>
    </ClInclude>
    <ClInclude Include="..\..\include\jet\sph_kernels3.h">
      <Filter>Header Files</Filter>
    </ClInclude>
    <ClInclude Include="..\..\include\jet\sph_solver2.h">
      <Filter>Header Files</Filter>
    </ClInclude>
    <ClInclude Include="..\..\include\jet\sph_solver3.h">
      <Filter>Header Files</Filter>
    </ClInclude>
    <ClInclude Include="..\..\include\jet\sph_system_data2.h">
      <Filter>Header Files</Filter>
    </ClInclude>
    <ClInclude Include="..\..\include\jet\sph_system_data3.h">
      <Filter>Header Files</Filter>
    </ClInclude>
    <ClInclude Include="..\..\include\jet\sphere2.h">
      <Filter>Header Files</Filter>
    </ClInclude>
    <ClInclude Include="..\..\include\jet\sphere3.h">
      <Filter>Header Files</Filter>
    </ClInclude>
    <ClInclude Include="..\..\include\jet\surface_set2.h">
      <Filter>Header Files</Filter>
    </ClInclude>
    <ClInclude Include="..\..\include\jet\surface_set3.h">
      <Filter>Header Files</Filter>
    </ClInclude>
    <ClInclude Include="..\..\include\jet\surface_to_implicit2.h">
      <Filter>Header Files</Filter>
    </ClInclude>
    <ClInclude Include="..\..\include\jet\surface_to_implicit3.h">
      <Filter>Header Files</Filter>
    </ClInclude>
    <ClInclude Include="..\..\include\jet\surface2.h">
      <Filter>Header Files</Filter>
    </ClInclude>
    <ClInclude Include="..\..\include\jet\surface3.h">
      <Filter>Header Files</Filter>
    </ClInclude>
    <ClInclude Include="..\..\include\jet\timer.h">
      <Filter>Header Files</Filter>
    </ClInclude>
    <ClInclude Include="..\..\include\jet\triangle_mesh_to_sdf.h">
      <Filter>Header Files</Filter>
    </ClInclude>
    <ClInclude Include="..\..\include\jet\triangle_mesh3.h">
      <Filter>Header Files</Filter>
    </ClInclude>
    <ClInclude Include="..\..\include\jet\triangle_point_generator.h">
      <Filter>Header Files</Filter>
    </ClInclude>
    <ClInclude Include="..\..\include\jet\triangle3.h">
      <Filter>Header Files</Filter>
    </ClInclude>
    <ClInclude Include="..\..\include\jet\type_helpers.h">
      <Filter>Header Files</Filter>
    </ClInclude>
    <ClInclude Include="..\..\include\jet\upwind_level_set_solver2.h">
      <Filter>Header Files</Filter>
    </ClInclude>
    <ClInclude Include="..\..\include\jet\upwind_level_set_solver3.h">
      <Filter>Header Files</Filter>
    </ClInclude>
    <ClInclude Include="..\..\include\jet\vector.h">
      <Filter>Header Files</Filter>
    </ClInclude>
    <ClInclude Include="..\..\include\jet\vector_field2.h">
      <Filter>Header Files</Filter>
    </ClInclude>
    <ClInclude Include="..\..\include\jet\vector_field3.h">
      <Filter>Header Files</Filter>
    </ClInclude>
    <ClInclude Include="..\..\include\jet\vector_grid2.h">
      <Filter>Header Files</Filter>
    </ClInclude>
    <ClInclude Include="..\..\include\jet\vector_grid3.h">
      <Filter>Header Files</Filter>
    </ClInclude>
    <ClInclude Include="..\..\include\jet\vector2.h">
      <Filter>Header Files</Filter>
    </ClInclude>
    <ClInclude Include="..\..\include\jet\vector3.h">
      <Filter>Header Files</Filter>
    </ClInclude>
    <ClInclude Include="..\..\include\jet\vector4.h">
      <Filter>Header Files</Filter>
    </ClInclude>
    <ClInclude Include="..\..\include\jet\vertex_centered_scalar_grid2.h">
      <Filter>Header Files</Filter>
    </ClInclude>
    <ClInclude Include="..\..\include\jet\vertex_centered_scalar_grid3.h">
      <Filter>Header Files</Filter>
    </ClInclude>
    <ClInclude Include="..\..\include\jet\vertex_centered_vector_grid2.h">
      <Filter>Header Files</Filter>
    </ClInclude>
    <ClInclude Include="..\..\include\jet\vertex_centered_vector_grid3.h">
      <Filter>Header Files</Filter>
    </ClInclude>
    <ClInclude Include="..\..\include\jet\volume_grid_emitter2.h">
      <Filter>Header Files</Filter>
    </ClInclude>
    <ClInclude Include="..\..\include\jet\volume_grid_emitter3.h">
      <Filter>Header Files</Filter>
    </ClInclude>
    <ClInclude Include="..\..\include\jet\volume_particle_emitter2.h">
      <Filter>Header Files</Filter>
    </ClInclude>
    <ClInclude Include="..\..\include\jet\volume_particle_emitter3.h">
      <Filter>Header Files</Filter>
    </ClInclude>
    <ClInclude Include="physics_helpers.h">
      <Filter>Source Files</Filter>
    </ClInclude>
    <ClInclude Include="private_helpers.h">
      <Filter>Source Files</Filter>
    </ClInclude>
    <ClInclude Include="marching_cubes_table.h">
      <Filter>Source Files</Filter>
    </ClInclude>
    <ClInclude Include="marching_squares_table.h">
      <Filter>Source Files</Filter>
    </ClInclude>
    <ClInclude Include="..\..\include\jet\detail\transform2-inl.h">
      <Filter>Header Files</Filter>
    </ClInclude>
    <ClInclude Include="..\..\include\jet\detail\transform3-inl.h">
      <Filter>Header Files</Filter>
    </ClInclude>
    <ClInclude Include="..\..\include\jet\transform2.h">
      <Filter>Header Files</Filter>
    </ClInclude>
    <ClInclude Include="..\..\include\jet\transform3.h">
      <Filter>Header Files</Filter>
    </ClInclude>
    <ClInclude Include="..\..\include\jet\detail\serialization-inl.h">
      <Filter>Header Files\detail</Filter>
    </ClInclude>
  </ItemGroup>
  <ItemGroup>
    <ClCompile Include="pch.cpp">
      <Filter>PCH</Filter>
    </ClCompile>
    <ClCompile Include="particle_system_data3.cpp">
      <Filter>Source Files</Filter>
    </ClCompile>
    <ClCompile Include="particle_system_solver2.cpp">
      <Filter>Source Files</Filter>
    </ClCompile>
    <ClCompile Include="particle_system_solver3.cpp">
      <Filter>Source Files</Filter>
    </ClCompile>
    <ClCompile Include="pci_sph_solver2.cpp">
      <Filter>Source Files</Filter>
    </ClCompile>
    <ClCompile Include="pci_sph_solver3.cpp">
      <Filter>Source Files</Filter>
    </ClCompile>
    <ClCompile Include="physics_animation.cpp">
      <Filter>Source Files</Filter>
    </ClCompile>
    <ClCompile Include="pic_solver2.cpp">
      <Filter>Source Files</Filter>
    </ClCompile>
    <ClCompile Include="pic_solver3.cpp">
      <Filter>Source Files</Filter>
    </ClCompile>
    <ClCompile Include="plane2.cpp">
      <Filter>Source Files</Filter>
    </ClCompile>
    <ClCompile Include="plane3.cpp">
      <Filter>Source Files</Filter>
    </ClCompile>
    <ClCompile Include="point_hash_grid_searcher2.cpp">
      <Filter>Source Files</Filter>
    </ClCompile>
    <ClCompile Include="point_hash_grid_searcher3.cpp">
      <Filter>Source Files</Filter>
    </ClCompile>
    <ClCompile Include="point_neighbor_searcher2.cpp">
      <Filter>Source Files</Filter>
    </ClCompile>
    <ClCompile Include="point_neighbor_searcher3.cpp">
      <Filter>Source Files</Filter>
    </ClCompile>
    <ClCompile Include="point_parallel_hash_grid_searcher2.cpp">
      <Filter>Source Files</Filter>
    </ClCompile>
    <ClCompile Include="point_parallel_hash_grid_searcher3.cpp">
      <Filter>Source Files</Filter>
    </ClCompile>
    <ClCompile Include="point_particle_emitter2.cpp">
      <Filter>Source Files</Filter>
    </ClCompile>
    <ClCompile Include="point_particle_emitter3.cpp">
      <Filter>Source Files</Filter>
    </ClCompile>
    <ClCompile Include="point_simple_list_searcher2.cpp">
      <Filter>Source Files</Filter>
    </ClCompile>
    <ClCompile Include="point_simple_list_searcher3.cpp">
      <Filter>Source Files</Filter>
    </ClCompile>
    <ClCompile Include="point_generator2.cpp">
      <Filter>Source Files</Filter>
    </ClCompile>
    <ClCompile Include="point_generator3.cpp">
      <Filter>Source Files</Filter>
    </ClCompile>
    <ClCompile Include="rigid_body_collider2.cpp">
      <Filter>Source Files</Filter>
    </ClCompile>
    <ClCompile Include="rigid_body_collider3.cpp">
      <Filter>Source Files</Filter>
    </ClCompile>
    <ClCompile Include="scalar_field2.cpp">
      <Filter>Source Files</Filter>
    </ClCompile>
    <ClCompile Include="scalar_field3.cpp">
      <Filter>Source Files</Filter>
    </ClCompile>
    <ClCompile Include="scalar_grid2.cpp">
      <Filter>Source Files</Filter>
    </ClCompile>
    <ClCompile Include="scalar_grid3.cpp">
      <Filter>Source Files</Filter>
    </ClCompile>
    <ClCompile Include="semi_lagrangian2.cpp">
      <Filter>Source Files</Filter>
    </ClCompile>
    <ClCompile Include="semi_lagrangian3.cpp">
      <Filter>Source Files</Filter>
    </ClCompile>
    <ClCompile Include="serialization.cpp">
      <Filter>Source Files</Filter>
    </ClCompile>
    <ClCompile Include="sph_solver2.cpp">
      <Filter>Source Files</Filter>
    </ClCompile>
    <ClCompile Include="sph_solver3.cpp">
      <Filter>Source Files</Filter>
    </ClCompile>
    <ClCompile Include="sph_system_data2.cpp">
      <Filter>Source Files</Filter>
    </ClCompile>
    <ClCompile Include="sph_system_data3.cpp">
      <Filter>Source Files</Filter>
    </ClCompile>
    <ClCompile Include="sphere2.cpp">
      <Filter>Source Files</Filter>
    </ClCompile>
    <ClCompile Include="sphere3.cpp">
      <Filter>Source Files</Filter>
    </ClCompile>
    <ClCompile Include="surface_set2.cpp">
      <Filter>Source Files</Filter>
    </ClCompile>
    <ClCompile Include="surface_set3.cpp">
      <Filter>Source Files</Filter>
    </ClCompile>
    <ClCompile Include="surface_to_implicit2.cpp">
      <Filter>Source Files</Filter>
    </ClCompile>
    <ClCompile Include="surface_to_implicit3.cpp">
      <Filter>Source Files</Filter>
    </ClCompile>
    <ClCompile Include="surface2.cpp">
      <Filter>Source Files</Filter>
    </ClCompile>
    <ClCompile Include="surface3.cpp">
      <Filter>Source Files</Filter>
    </ClCompile>
    <ClCompile Include="timer.cpp">
      <Filter>Source Files</Filter>
    </ClCompile>
    <ClCompile Include="triangle_mesh_to_sdf.cpp">
      <Filter>Source Files</Filter>
    </ClCompile>
    <ClCompile Include="triangle_mesh3.cpp">
      <Filter>Source Files</Filter>
    </ClCompile>
    <ClCompile Include="triangle_point_generator.cpp">
      <Filter>Source Files</Filter>
    </ClCompile>
    <ClCompile Include="triangle3.cpp">
      <Filter>Source Files</Filter>
    </ClCompile>
    <ClCompile Include="upwind_level_set_solver2.cpp">
      <Filter>Source Files</Filter>
    </ClCompile>
    <ClCompile Include="upwind_level_set_solver3.cpp">
      <Filter>Source Files</Filter>
    </ClCompile>
    <ClCompile Include="vector_field2.cpp">
      <Filter>Source Files</Filter>
    </ClCompile>
    <ClCompile Include="vector_field3.cpp">
      <Filter>Source Files</Filter>
    </ClCompile>
    <ClCompile Include="vector_grid2.cpp">
      <Filter>Source Files</Filter>
    </ClCompile>
    <ClCompile Include="vector_grid3.cpp">
      <Filter>Source Files</Filter>
    </ClCompile>
    <ClCompile Include="vertex_centered_scalar_grid2.cpp">
      <Filter>Source Files</Filter>
    </ClCompile>
    <ClCompile Include="vertex_centered_scalar_grid3.cpp">
      <Filter>Source Files</Filter>
    </ClCompile>
    <ClCompile Include="vertex_centered_vector_grid2.cpp">
      <Filter>Source Files</Filter>
    </ClCompile>
    <ClCompile Include="vertex_centered_vector_grid3.cpp">
      <Filter>Source Files</Filter>
    </ClCompile>
    <ClCompile Include="volume_particle_emitter2.cpp">
      <Filter>Source Files</Filter>
    </ClCompile>
    <ClCompile Include="volume_particle_emitter3.cpp">
      <Filter>Source Files</Filter>
    </ClCompile>
    <ClCompile Include="advection_solver2.cpp">
      <Filter>Source Files</Filter>
    </ClCompile>
    <ClCompile Include="advection_solver3.cpp">
      <Filter>Source Files</Filter>
    </ClCompile>
    <ClCompile Include="animation.cpp">
      <Filter>Source Files</Filter>
    </ClCompile>
    <ClCompile Include="bcc_lattice_point_generator.cpp">
      <Filter>Source Files</Filter>
    </ClCompile>
    <ClCompile Include="box2.cpp">
      <Filter>Source Files</Filter>
    </ClCompile>
    <ClCompile Include="box3.cpp">
      <Filter>Source Files</Filter>
    </ClCompile>
    <ClCompile Include="cell_centered_scalar_grid2.cpp">
      <Filter>Source Files</Filter>
    </ClCompile>
    <ClCompile Include="cell_centered_scalar_grid3.cpp">
      <Filter>Source Files</Filter>
    </ClCompile>
    <ClCompile Include="cell_centered_vector_grid2.cpp">
      <Filter>Source Files</Filter>
    </ClCompile>
    <ClCompile Include="cell_centered_vector_grid3.cpp">
      <Filter>Source Files</Filter>
    </ClCompile>
    <ClCompile Include="collider_set2.cpp">
      <Filter>Source Files</Filter>
    </ClCompile>
    <ClCompile Include="collider_set3.cpp">
      <Filter>Source Files</Filter>
    </ClCompile>
    <ClCompile Include="collider2.cpp">
      <Filter>Source Files</Filter>
    </ClCompile>
    <ClCompile Include="collider3.cpp">
      <Filter>Source Files</Filter>
    </ClCompile>
    <ClCompile Include="collocated_vector_grid2.cpp">
      <Filter>Source Files</Filter>
    </ClCompile>
    <ClCompile Include="collocated_vector_grid3.cpp">
      <Filter>Source Files</Filter>
    </ClCompile>
    <ClCompile Include="constant_scalar_field2.cpp">
      <Filter>Source Files</Filter>
    </ClCompile>
    <ClCompile Include="constant_scalar_field3.cpp">
      <Filter>Source Files</Filter>
    </ClCompile>
    <ClCompile Include="constant_vector_field2.cpp">
      <Filter>Source Files</Filter>
    </ClCompile>
    <ClCompile Include="constant_vector_field3.cpp">
      <Filter>Source Files</Filter>
    </ClCompile>
    <ClCompile Include="cubic_semi_lagrangian2.cpp">
      <Filter>Source Files</Filter>
    </ClCompile>
    <ClCompile Include="cubic_semi_lagrangian3.cpp">
      <Filter>Source Files</Filter>
    </ClCompile>
    <ClCompile Include="custom_implicit_surface2.cpp">
      <Filter>Source Files</Filter>
    </ClCompile>
    <ClCompile Include="custom_implicit_surface3.cpp">
      <Filter>Source Files</Filter>
    </ClCompile>
    <ClCompile Include="custom_scalar_field2.cpp">
      <Filter>Source Files</Filter>
    </ClCompile>
    <ClCompile Include="custom_scalar_field3.cpp">
      <Filter>Source Files</Filter>
    </ClCompile>
    <ClCompile Include="custom_vector_field2.cpp">
      <Filter>Source Files</Filter>
    </ClCompile>
    <ClCompile Include="custom_vector_field3.cpp">
      <Filter>Source Files</Filter>
    </ClCompile>
    <ClCompile Include="cylinder3.cpp">
      <Filter>Source Files</Filter>
    </ClCompile>
    <ClCompile Include="eno_level_set_solver2.cpp">
      <Filter>Source Files</Filter>
    </ClCompile>
    <ClCompile Include="eno_level_set_solver3.cpp">
      <Filter>Source Files</Filter>
    </ClCompile>
    <ClCompile Include="face_centered_grid2.cpp">
      <Filter>Source Files</Filter>
    </ClCompile>
    <ClCompile Include="face_centered_grid3.cpp">
      <Filter>Source Files</Filter>
    </ClCompile>
    <ClCompile Include="factory.cpp">
      <Filter>Source Files</Filter>
    </ClCompile>
    <ClCompile Include="fcc_lattice_point_generator.cpp">
      <Filter>Source Files</Filter>
    </ClCompile>
    <ClCompile Include="fdm_cg_solver2.cpp">
      <Filter>Source Files</Filter>
    </ClCompile>
    <ClCompile Include="fdm_cg_solver3.cpp">
      <Filter>Source Files</Filter>
    </ClCompile>
    <ClCompile Include="fdm_gauss_seidel_solver2.cpp">
      <Filter>Source Files</Filter>
    </ClCompile>
    <ClCompile Include="fdm_gauss_seidel_solver3.cpp">
      <Filter>Source Files</Filter>
    </ClCompile>
    <ClCompile Include="fdm_iccg_solver2.cpp">
      <Filter>Source Files</Filter>
    </ClCompile>
    <ClCompile Include="fdm_iccg_solver3.cpp">
      <Filter>Source Files</Filter>
    </ClCompile>
    <ClCompile Include="fdm_jacobi_solver2.cpp">
      <Filter>Source Files</Filter>
    </ClCompile>
    <ClCompile Include="fdm_jacobi_solver3.cpp">
      <Filter>Source Files</Filter>
    </ClCompile>
    <ClCompile Include="fdm_linear_system2.cpp">
      <Filter>Source Files</Filter>
    </ClCompile>
    <ClCompile Include="fdm_linear_system3.cpp">
      <Filter>Source Files</Filter>
    </ClCompile>
    <ClCompile Include="fdm_utils.cpp">
      <Filter>Source Files</Filter>
    </ClCompile>
    <ClCompile Include="field2.cpp">
      <Filter>Source Files</Filter>
    </ClCompile>
    <ClCompile Include="field3.cpp">
      <Filter>Source Files</Filter>
    </ClCompile>
    <ClCompile Include="flip_solver2.cpp">
      <Filter>Source Files</Filter>
    </ClCompile>
    <ClCompile Include="flip_solver3.cpp">
      <Filter>Source Files</Filter>
    </ClCompile>
    <ClCompile Include="fmm_level_set_solver2.cpp">
      <Filter>Source Files</Filter>
    </ClCompile>
    <ClCompile Include="fmm_level_set_solver3.cpp">
      <Filter>Source Files</Filter>
    </ClCompile>
    <ClCompile Include="grid_backward_euler_diffusion_solver2.cpp">
      <Filter>Source Files</Filter>
    </ClCompile>
    <ClCompile Include="grid_backward_euler_diffusion_solver3.cpp">
      <Filter>Source Files</Filter>
    </ClCompile>
    <ClCompile Include="grid_blocked_boundary_condition_solver2.cpp">
      <Filter>Source Files</Filter>
    </ClCompile>
    <ClCompile Include="grid_blocked_boundary_condition_solver3.cpp">
      <Filter>Source Files</Filter>
    </ClCompile>
    <ClCompile Include="grid_boundary_condition_solver2.cpp">
      <Filter>Source Files</Filter>
    </ClCompile>
    <ClCompile Include="grid_boundary_condition_solver3.cpp">
      <Filter>Source Files</Filter>
    </ClCompile>
    <ClCompile Include="grid_diffusion_solver2.cpp">
      <Filter>Source Files</Filter>
    </ClCompile>
    <ClCompile Include="grid_diffusion_solver3.cpp">
      <Filter>Source Files</Filter>
    </ClCompile>
    <ClCompile Include="grid_emitter2.cpp">
      <Filter>Source Files</Filter>
    </ClCompile>
    <ClCompile Include="grid_emitter3.cpp">
      <Filter>Source Files</Filter>
    </ClCompile>
    <ClCompile Include="grid_emitter_set2.cpp">
      <Filter>Source Files</Filter>
    </ClCompile>
    <ClCompile Include="grid_emitter_set3.cpp">
      <Filter>Source Files</Filter>
    </ClCompile>
    <ClCompile Include="grid_fluid_solver2.cpp">
      <Filter>Source Files</Filter>
    </ClCompile>
    <ClCompile Include="grid_fluid_solver3.cpp">
      <Filter>Source Files</Filter>
    </ClCompile>
    <ClCompile Include="grid_forward_euler_diffusion_solver2.cpp">
      <Filter>Source Files</Filter>
    </ClCompile>
    <ClCompile Include="grid_forward_euler_diffusion_solver3.cpp">
      <Filter>Source Files</Filter>
    </ClCompile>
    <ClCompile Include="grid_fractional_boundary_condition_solver2.cpp">
      <Filter>Source Files</Filter>
    </ClCompile>
    <ClCompile Include="grid_fractional_boundary_condition_solver3.cpp">
      <Filter>Source Files</Filter>
    </ClCompile>
    <ClCompile Include="grid_fractional_single_phase_pressure_solver2.cpp">
      <Filter>Source Files</Filter>
    </ClCompile>
    <ClCompile Include="grid_fractional_single_phase_pressure_solver3.cpp">
      <Filter>Source Files</Filter>
    </ClCompile>
    <ClCompile Include="grid_point_generator2.cpp">
      <Filter>Source Files</Filter>
    </ClCompile>
    <ClCompile Include="grid_point_generator3.cpp">
      <Filter>Source Files</Filter>
    </ClCompile>
    <ClCompile Include="grid_pressure_solver2.cpp">
      <Filter>Source Files</Filter>
    </ClCompile>
    <ClCompile Include="grid_pressure_solver3.cpp">
      <Filter>Source Files</Filter>
    </ClCompile>
    <ClCompile Include="grid_single_phase_pressure_solver2.cpp">
      <Filter>Source Files</Filter>
    </ClCompile>
    <ClCompile Include="grid_single_phase_pressure_solver3.cpp">
      <Filter>Source Files</Filter>
    </ClCompile>
    <ClCompile Include="grid_smoke_solver2.cpp">
      <Filter>Source Files</Filter>
    </ClCompile>
    <ClCompile Include="grid_smoke_solver3.cpp">
      <Filter>Source Files</Filter>
    </ClCompile>
    <ClCompile Include="grid_system_data2.cpp">
      <Filter>Source Files</Filter>
    </ClCompile>
    <ClCompile Include="grid_system_data3.cpp">
      <Filter>Source Files</Filter>
    </ClCompile>
    <ClCompile Include="grid2.cpp">
      <Filter>Source Files</Filter>
    </ClCompile>
    <ClCompile Include="grid3.cpp">
      <Filter>Source Files</Filter>
    </ClCompile>
    <ClCompile Include="implicit_surface_set2.cpp">
      <Filter>Source Files</Filter>
    </ClCompile>
    <ClCompile Include="implicit_surface_set3.cpp">
      <Filter>Source Files</Filter>
    </ClCompile>
    <ClCompile Include="implicit_surface2.cpp">
      <Filter>Source Files</Filter>
    </ClCompile>
    <ClCompile Include="implicit_surface3.cpp">
      <Filter>Source Files</Filter>
    </ClCompile>
    <ClCompile Include="iterative_level_set_solver2.cpp">
      <Filter>Source Files</Filter>
    </ClCompile>
    <ClCompile Include="iterative_level_set_solver3.cpp">
      <Filter>Source Files</Filter>
    </ClCompile>
    <ClCompile Include="level_set_liquid_solver2.cpp">
      <Filter>Source Files</Filter>
    </ClCompile>
    <ClCompile Include="level_set_liquid_solver3.cpp">
      <Filter>Source Files</Filter>
    </ClCompile>
    <ClCompile Include="level_set_solver2.cpp">
      <Filter>Source Files</Filter>
    </ClCompile>
    <ClCompile Include="level_set_solver3.cpp">
      <Filter>Source Files</Filter>
    </ClCompile>
    <ClCompile Include="logging.cpp">
      <Filter>Source Files</Filter>
    </ClCompile>
    <ClCompile Include="marching_cubes.cpp">
      <Filter>Source Files</Filter>
    </ClCompile>
    <ClCompile Include="particle_emitter2.cpp">
      <Filter>Source Files</Filter>
    </ClCompile>
    <ClCompile Include="particle_emitter3.cpp">
      <Filter>Source Files</Filter>
    </ClCompile>
    <ClCompile Include="particle_system_data2.cpp">
      <Filter>Source Files</Filter>
    </ClCompile>
    <ClCompile Include="volume_grid_emitter2.cpp">
      <Filter>Source Files</Filter>
    </ClCompile>
    <ClCompile Include="volume_grid_emitter3.cpp">
      <Filter>Source Files</Filter>
    </ClCompile>
    <ClCompile Include="particle_emitter_set2.cpp">
      <Filter>Source Files</Filter>
    </ClCompile>
    <ClCompile Include="particle_emitter_set3.cpp">
      <Filter>Source Files</Filter>
    </ClCompile>
  </ItemGroup>
  <ItemGroup>
    <None Include="..\..\scripts\header_gen.py">
      <Filter>Script Files</Filter>
    </None>
    <None Include="SConscript">
      <Filter>Source Files</Filter>
    </None>
  </ItemGroup>
</Project>