<?xml version="1.0" encoding="utf-8"?>
<Project ToolsVersion="4.0" xmlns="http://schemas.microsoft.com/developer/msbuild/2003">
  <ItemGroup>
    <Filter Include="Source Files">
      <UniqueIdentifier>{4FC737F1-C7A5-4376-A066-2A32D752A2FF}</UniqueIdentifier>
      <Extensions>cpp;c;cc;cxx;def;odl;idl;hpj;bat;asm;asmx</Extensions>
    </Filter>
    <Filter Include="Header Files">
      <UniqueIdentifier>{93995380-89BD-4b04-88EB-625FBE52EBFB}</UniqueIdentifier>
      <Extensions>h;hh;hpp;hxx;hm;inl;inc;xsd</Extensions>
    </Filter>
    <Filter Include="Resource Files">
      <UniqueIdentifier>{67DA6AB6-F800-4c08-8B7A-83BB121AAD01}</UniqueIdentifier>
      <Extensions>rc;ico;cur;bmp;dlg;rc2;rct;bin;rgs;gif;jpg;jpeg;jpe;resx;tiff;tif;png;wav;mfcribbon-ms</Extensions>
    </Filter>
  </ItemGroup>
  <ItemGroup>
    <ClCompile Include="physics_animation_tests.cpp">
      <Filter>Source Files</Filter>
    </ClCompile>
    <ClCompile Include="pic_solver2_tests.cpp">
      <Filter>Source Files</Filter>
    </ClCompile>
    <ClCompile Include="pic_solver3_tests.cpp">
      <Filter>Source Files</Filter>
    </ClCompile>
    <ClCompile Include="point_hash_grid_searchers_tests.cpp">
      <Filter>Source Files</Filter>
    </ClCompile>
    <ClCompile Include="sph_kernels_tests.cpp">
      <Filter>Source Files</Filter>
    </ClCompile>
    <ClCompile Include="sph_system_data_tests.cpp">
      <Filter>Source Files</Filter>
    </ClCompile>
    <ClCompile Include="sph_solver2_tests.cpp">
      <Filter>Source Files</Filter>
    </ClCompile>
    <ClCompile Include="sph_solver3_tests.cpp">
      <Filter>Source Files</Filter>
    </ClCompile>
    <ClCompile Include="triangle_mesh_to_sdf_tests.cpp">
      <Filter>Source Files</Filter>
    </ClCompile>
    <ClCompile Include="triangle_mesh3_tests.cpp">
      <Filter>Source Files</Filter>
    </ClCompile>
    <ClCompile Include="volume_particle_emitters_tests.cpp">
      <Filter>Source Files</Filter>
    </ClCompile>
    <ClCompile Include="advection_solvers_tests.cpp">
      <Filter>Source Files</Filter>
    </ClCompile>
    <ClCompile Include="animation_tests.cpp">
      <Filter>Source Files</Filter>
    </ClCompile>
    <ClCompile Include="array_utils_tests.cpp">
      <Filter>Source Files</Filter>
    </ClCompile>
    <ClCompile Include="field_tests.cpp">
      <Filter>Source Files</Filter>
    </ClCompile>
    <ClCompile Include="flip_solver2_tests.cpp">
      <Filter>Source Files</Filter>
    </ClCompile>
    <ClCompile Include="flip_solver3_tests.cpp">
      <Filter>Source Files</Filter>
    </ClCompile>
    <ClCompile Include="grid_boundary_condition_solvers_tests.cpp">
      <Filter>Source Files</Filter>
    </ClCompile>
    <ClCompile Include="grid_diffusion_solvers_tests.cpp">
      <Filter>Source Files</Filter>
    </ClCompile>
    <ClCompile Include="grid_fluid_solver_tests.cpp">
      <Filter>Source Files</Filter>
    </ClCompile>
    <ClCompile Include="grid_smoke_solver_tests.cpp">
      <Filter>Source Files</Filter>
    </ClCompile>
    <ClCompile Include="hello_fluid_sim.cpp">
      <Filter>Source Files</Filter>
    </ClCompile>
    <ClCompile Include="main.cpp">
      <Filter>Source Files</Filter>
    </ClCompile>
    <ClCompile Include="marching_cubes_tests.cpp">
      <Filter>Source Files</Filter>
    </ClCompile>
    <ClCompile Include="particle_system_solver2_tests.cpp">
      <Filter>Source Files</Filter>
    </ClCompile>
    <ClCompile Include="particle_system_solver3_tests.cpp">
      <Filter>Source Files</Filter>
    </ClCompile>
    <ClCompile Include="pci_sph_solver2_tests.cpp">
      <Filter>Source Files</Filter>
    </ClCompile>
    <ClCompile Include="pci_sph_solver3_tests.cpp">
      <Filter>Source Files</Filter>
    </ClCompile>
    <ClCompile Include="iterative_level_set_solvers_tests.cpp">
      <Filter>Source Files</Filter>
    </ClCompile>
    <ClCompile Include="fmm_level_set_solvers_tests.cpp">
      <Filter>Source Files</Filter>
    </ClCompile>
    <ClCompile Include="level_set_liquid_solver2_tests.cpp">
      <Filter>Source Files</Filter>
    </ClCompile>
    <ClCompile Include="level_set_liquid_solver3_tests.cpp">
      <Filter>Source Files</Filter>
    </ClCompile>
    <ClCompile Include="tutorials.cpp">
      <Filter>Source Files</Filter>
    </ClCompile>
  </ItemGroup>
  <ItemGroup>
    <ClInclude Include="manual_tests.h">
      <Filter>Header Files</Filter>
    </ClInclude>
  </ItemGroup>
  <ItemGroup>
    <Object Include="resources\bunny.obj">
      <Filter>Resource Files</Filter>
    </Object>
    <Object Include="resources\cube.obj">
      <Filter>Resource Files</Filter>
    </Object>
  </ItemGroup>
  <ItemGroup>
    <None Include="packages.config" />
  </ItemGroup>
</Project>
