<?xml version="1.0" encoding="utf-8"?>
<Project ToolsVersion="4.0" xmlns="http://schemas.microsoft.com/developer/msbuild/2003">
  <ItemGroup>
    <Filter Include="Source Files">
      <UniqueIdentifier>{4FC737F1-C7A5-4376-A066-2A32D752A2FF}</UniqueIdentifier>
      <Extensions>cpp;c;cc;cxx;def;odl;idl;hpj;bat;asm;asmx</Extensions>
    </Filter>
    <Filter Include="Header Files">
      <UniqueIdentifier>{93995380-89BD-4b04-88EB-625FBE52EBFB}</UniqueIdentifier>
      <Extensions>h;hh;hpp;hxx;hm;inl;inc;xsd</Extensions>
    </Filter>
    <Filter Include="Resource Files">
      <UniqueIdentifier>{67DA6AB6-F800-4c08-8B7A-83BB121AAD01}</UniqueIdentifier>
      <Extensions>rc;ico;cur;bmp;dlg;rc2;rct;bin;rgs;gif;jpg;jpeg;jpe;resx;tiff;tif;png;wav;mfcribbon-ms</Extensions>
    </Filter>
  </ItemGroup>
  <ItemGroup>
    <ClCompile Include="array1_tests.cpp">
      <Filter>Source Files</Filter>
    </ClCompile>
    <ClCompile Include="array2_tests.cpp">
      <Filter>Source Files</Filter>
    </ClCompile>
    <ClCompile Include="array3_tests.cpp">
      <Filter>Source Files</Filter>
    </ClCompile>
    <ClCompile Include="array_accessor1_tests.cpp">
      <Filter>Source Files</Filter>
    </ClCompile>
    <ClCompile Include="array_accessor2_tests.cpp">
      <Filter>Source Files</Filter>
    </ClCompile>
    <ClCompile Include="array_accessor3_tests.cpp">
      <Filter>Source Files</Filter>
    </ClCompile>
    <ClCompile Include="array_samplers_tests.cpp">
      <Filter>Source Files</Filter>
    </ClCompile>
    <ClCompile Include="array_utils_tests.cpp">
      <Filter>Source Files</Filter>
    </ClCompile>
    <ClCompile Include="blas_tests.cpp">
      <Filter>Source Files</Filter>
    </ClCompile>
    <ClCompile Include="bounding_box_tests.cpp">
      <Filter>Source Files</Filter>
    </ClCompile>
    <ClCompile Include="bounding_box2_tests.cpp">
      <Filter>Source Files</Filter>
    </ClCompile>
    <ClCompile Include="bounding_box3_tests.cpp">
      <Filter>Source Files</Filter>
    </ClCompile>
    <ClCompile Include="box2_tests.cpp">
      <Filter>Source Files</Filter>
    </ClCompile>
    <ClCompile Include="box3_tests.cpp">
      <Filter>Source Files</Filter>
    </ClCompile>
    <ClCompile Include="cell_centered_scalar2_grid_tests.cpp">
      <Filter>Source Files</Filter>
    </ClCompile>
    <ClCompile Include="cell_centered_scalar3_grid_tests.cpp">
      <Filter>Source Files</Filter>
    </ClCompile>
    <ClCompile Include="cell_centered_vector2_grid_tests.cpp">
      <Filter>Source Files</Filter>
    </ClCompile>
    <ClCompile Include="cell_centered_vector3_grid_tests.cpp">
      <Filter>Source Files</Filter>
    </ClCompile>
    <ClCompile Include="collider_set2_tests.cpp">
      <Filter>Source Files</Filter>
    </ClCompile>
    <ClCompile Include="collider_set3_tests.cpp">
      <Filter>Source Files</Filter>
    </ClCompile>
    <ClCompile Include="cg_tests.cpp">
      <Filter>Source Files</Filter>
    </ClCompile>
    <ClCompile Include="custom_implicit_surface2_tests.cpp">
      <Filter>Source Files</Filter>
    </ClCompile>
    <ClCompile Include="custom_implicit_surface3_tests.cpp">
      <Filter>Source Files</Filter>
    </ClCompile>
    <ClCompile Include="cylinder3_tests.cpp">
      <Filter>Source Files</Filter>
    </ClCompile>
    <ClCompile Include="face_centered_grid2_tests.cpp">
      <Filter>Source Files</Filter>
    </ClCompile>
    <ClCompile Include="face_centered_grid3_tests.cpp">
      <Filter>Source Files</Filter>
    </ClCompile>
    <ClCompile Include="fdm_cg_solver2_tests.cpp">
      <Filter>Source Files</Filter>
    </ClCompile>
    <ClCompile Include="fdm_cg_solver3_tests.cpp">
      <Filter>Source Files</Filter>
    </ClCompile>
    <ClCompile Include="fdm_gauss_seidel_solver2_tests.cpp">
      <Filter>Source Files</Filter>
    </ClCompile>
    <ClCompile Include="fdm_gauss_seidel_solver3_tests.cpp">
      <Filter>Source Files</Filter>
    </ClCompile>
    <ClCompile Include="fdm_iccg_solver2_tests.cpp">
      <Filter>Source Files</Filter>
    </ClCompile>
    <ClCompile Include="fdm_iccg_solver3_tests.cpp">
      <Filter>Source Files</Filter>
    </ClCompile>
    <ClCompile Include="fdm_jacobi_solver2_tests.cpp">
      <Filter>Source Files</Filter>
    </ClCompile>
    <ClCompile Include="fdm_jacobi_solver3_tests.cpp">
      <Filter>Source Files</Filter>
    </ClCompile>
    <ClCompile Include="fdm_utils_tests.cpp">
      <Filter>Source Files</Filter>
    </ClCompile>
    <ClCompile Include="flip_solver2_tests.cpp">
      <Filter>Source Files</Filter>
    </ClCompile>
    <ClCompile Include="flip_solver3_tests.cpp">
      <Filter>Source Files</Filter>
    </ClCompile>
    <ClCompile Include="grid_backward_diffusion_solver2_tests.cpp">
      <Filter>Source Files</Filter>
    </ClCompile>
    <ClCompile Include="grid_backward_diffusion_solver3_tests.cpp">
      <Filter>Source Files</Filter>
    </ClCompile>
    <ClCompile Include="grid_blocked_boundary_condition_solver2_tests.cpp">
      <Filter>Source Files</Filter>
    </ClCompile>
    <ClCompile Include="grid_blocked_boundary_condition_solver3_tests.cpp">
      <Filter>Source Files</Filter>
    </ClCompile>
    <ClCompile Include="grid_emitter2_tests.cpp">
      <Filter>Source Files</Filter>
    </ClCompile>
    <ClCompile Include="grid_emitter3_tests.cpp">
      <Filter>Source Files</Filter>
    </ClCompile>
    <ClCompile Include="grid_fluid_solver2_tests.cpp">
      <Filter>Source Files</Filter>
    </ClCompile>
    <ClCompile Include="grid_fluid_solver3_tests.cpp">
      <Filter>Source Files</Filter>
    </ClCompile>
    <ClCompile Include="grid_forward_diffusion_solver2_tests.cpp">
      <Filter>Source Files</Filter>
    </ClCompile>
    <ClCompile Include="grid_forward_diffusion_solver3_tests.cpp">
      <Filter>Source Files</Filter>
    </ClCompile>
    <ClCompile Include="grid_fractional_boundary_condition_solver2_tests.cpp">
      <Filter>Source Files</Filter>
    </ClCompile>
    <ClCompile Include="grid_fractional_boundary_condition_solver3_tests.cpp">
      <Filter>Source Files</Filter>
    </ClCompile>
    <ClCompile Include="grid_single_phase_pressure_solver2_tests.cpp">
      <Filter>Source Files</Filter>
    </ClCompile>
    <ClCompile Include="grid_single_phase_pressure_solver3_tests.cpp">
      <Filter>Source Files</Filter>
    </ClCompile>
    <ClCompile Include="grid_fractional_single_phase_pressure_solver2_tests.cpp">
      <Filter>Source Files</Filter>
    </ClCompile>
    <ClCompile Include="grid_fractional_single_phase_pressure_solver3_tests.cpp">
      <Filter>Source Files</Filter>
    </ClCompile>
    <ClCompile Include="grid_system_data2_tests.cpp">
      <Filter>Source Files</Filter>
    </ClCompile>
    <ClCompile Include="grid_system_data3_tests.cpp">
      <Filter>Source Files</Filter>
    </ClCompile>
    <ClCompile Include="implicit_surface_set2_tests.cpp">
      <Filter>Source Files</Filter>
    </ClCompile>
    <ClCompile Include="implicit_surface_set3_tests.cpp">
      <Filter>Source Files</Filter>
    </ClCompile>
    <ClCompile Include="level_set_liquid_solvers_tests.cpp">
      <Filter>Source Files</Filter>
    </ClCompile>
    <ClCompile Include="level_set_solvers_tests.cpp">
      <Filter>Source Files</Filter>
    </ClCompile>
    <ClCompile Include="main.cpp">
      <Filter>Source Files</Filter>
    </ClCompile>
    <ClCompile Include="math_utils_tests.cpp">
      <Filter>Source Files</Filter>
    </ClCompile>
    <ClCompile Include="matrix_tests.cpp">
      <Filter>Source Files</Filter>
    </ClCompile>
    <ClCompile Include="matrix2x2_tests.cpp">
      <Filter>Source Files</Filter>
    </ClCompile>
    <ClCompile Include="matrix3x3_tests.cpp">
      <Filter>Source Files</Filter>
    </ClCompile>
    <ClCompile Include="matrix4x4_tests.cpp">
      <Filter>Source Files</Filter>
    </ClCompile>
    <ClCompile Include="parallel_tests.cpp">
      <Filter>Source Files</Filter>
    </ClCompile>
    <ClCompile Include="particle_system_data2_tests.cpp">
      <Filter>Source Files</Filter>
    </ClCompile>
    <ClCompile Include="particle_system_data3_tests.cpp">
      <Filter>Source Files</Filter>
    </ClCompile>
    <ClCompile Include="particle_system_solvers_tests.cpp">
      <Filter>Source Files</Filter>
    </ClCompile>
    <ClCompile Include="pci_sph_solver2_tests.cpp">
      <Filter>Source Files</Filter>
    </ClCompile>
    <ClCompile Include="pci_sph_solver3_tests.cpp">
      <Filter>Source Files</Filter>
    </ClCompile>
    <ClCompile Include="pde_tests.cpp">
      <Filter>Source Files</Filter>
    </ClCompile>
    <ClCompile Include="pic_solver2_tests.cpp">
      <Filter>Source Files</Filter>
    </ClCompile>
    <ClCompile Include="pic_solver3_tests.cpp">
      <Filter>Source Files</Filter>
    </ClCompile>
    <ClCompile Include="point2_tests.cpp">
      <Filter>Source Files</Filter>
    </ClCompile>
    <ClCompile Include="point3_tests.cpp">
      <Filter>Source Files</Filter>
    </ClCompile>
    <ClCompile Include="point_hash_grid_searchers2_tests.cpp">
      <Filter>Source Files</Filter>
    </ClCompile>
    <ClCompile Include="point_hash_grid_searchers3_tests.cpp">
      <Filter>Source Files</Filter>
    </ClCompile>
    <ClCompile Include="point_parallel_hash_grid_searcher2_tests.cpp">
      <Filter>Source Files</Filter>
    </ClCompile>
    <ClCompile Include="point_parallel_hash_grid_searcher3_tests.cpp">
      <Filter>Source Files</Filter>
    </ClCompile>
    <ClCompile Include="point_particle_emitter2_tests.cpp">
      <Filter>Source Files</Filter>
    </ClCompile>
    <ClCompile Include="point_particle_emitter3_tests.cpp">
      <Filter>Source Files</Filter>
    </ClCompile>
    <ClCompile Include="point_simple_list_searcher2_tests.cpp">
      <Filter>Source Files</Filter>
    </ClCompile>
    <ClCompile Include="point_simple_list_searcher3_tests.cpp">
      <Filter>Source Files</Filter>
    </ClCompile>
    <ClCompile Include="point_tests.cpp">
      <Filter>Source Files</Filter>
    </ClCompile>
    <ClCompile Include="rigid_body_collider2_tests.cpp">
      <Filter>Source Files</Filter>
    </ClCompile>
    <ClCompile Include="rigid_body_collider3_tests.cpp">
      <Filter>Source Files</Filter>
    </ClCompile>
    <ClCompile Include="quaternion_tests.cpp">
      <Filter>Source Files</Filter>
    </ClCompile>
    <ClCompile Include="ray2_tests.cpp">
      <Filter>Source Files</Filter>
    </ClCompile>
    <ClCompile Include="ray3_tests.cpp">
      <Filter>Source Files</Filter>
    </ClCompile>
    <ClCompile Include="samplers_tests.cpp">
      <Filter>Source Files</Filter>
    </ClCompile>
    <ClCompile Include="serial_tests.cpp">
      <Filter>Source Files</Filter>
    </ClCompile>
    <ClCompile Include="sph_kernels2_tests.cpp">
      <Filter>Source Files</Filter>
    </ClCompile>
    <ClCompile Include="sph_kernels3_tests.cpp">
      <Filter>Source Files</Filter>
    </ClCompile>
    <ClCompile Include="sph_solver2_tests.cpp">
      <Filter>Source Files</Filter>
    </ClCompile>
    <ClCompile Include="sph_solver3_tests.cpp">
      <Filter>Source Files</Filter>
    </ClCompile>
    <ClCompile Include="sphere2_tests.cpp">
      <Filter>Source Files</Filter>
    </ClCompile>
    <ClCompile Include="sphere3_tests.cpp">
      <Filter>Source Files</Filter>
    </ClCompile>
    <ClCompile Include="surface_to_implicit2_tests.cpp">
      <Filter>Source Files</Filter>
    </ClCompile>
    <ClCompile Include="surface_to_implicit3_tests.cpp">
      <Filter>Source Files</Filter>
    </ClCompile>
    <ClCompile Include="timer_tests.cpp">
      <Filter>Source Files</Filter>
    </ClCompile>
    <ClCompile Include="triangle3_tests.cpp">
      <Filter>Source Files</Filter>
    </ClCompile>
    <ClCompile Include="triangle_mesh3_tests.cpp">
      <Filter>Source Files</Filter>
    </ClCompile>
    <ClCompile Include="triangle_mesh_to_sdf_tests.cpp">
      <Filter>Source Files</Filter>
    </ClCompile>
    <ClCompile Include="vector_tests.cpp">
      <Filter>Source Files</Filter>
    </ClCompile>
    <ClCompile Include="vector2_tests.cpp">
      <Filter>Source Files</Filter>
    </ClCompile>
    <ClCompile Include="vector3_tests.cpp">
      <Filter>Source Files</Filter>
    </ClCompile>
    <ClCompile Include="vertex_centered_scalar_grid2_tests.cpp">
      <Filter>Source Files</Filter>
    </ClCompile>
    <ClCompile Include="vertex_centered_scalar_grid3_tests.cpp">
      <Filter>Source Files</Filter>
    </ClCompile>
    <ClCompile Include="vertex_centered_vector_grid2_tests.cpp">
      <Filter>Source Files</Filter>
    </ClCompile>
    <ClCompile Include="vertex_centered_vector_grid3_tests.cpp">
      <Filter>Source Files</Filter>
    </ClCompile>
    <ClCompile Include="volume_particle_emitter2_tests.cpp">
      <Filter>Source Files</Filter>
    </ClCompile>
    <ClCompile Include="volume_particle_emitter3_tests.cpp">
      <Filter>Source Files</Filter>
    </ClCompile>
    <ClCompile Include="animation_tests.cpp">
      <Filter>Source Files</Filter>
    </ClCompile>
  </ItemGroup>
  <ItemGroup>
    <ClInclude Include="unit_tests_utils.h">
      <Filter>Header Files</Filter>
    </ClInclude>
  </ItemGroup>
</Project>
